// !$*UTF8*$!
{
	archiveVersion = 1;
	classes = {
	};
	objectVersion = 46;
	objects = {

/* Begin PBXBuildFile section */
		321E1735FCAEAFC839B29C3F /* NSString+HSHBAdditions.m in Sources */ = {isa = PBXBuildFile; fileRef = 321E19C6D845E08E14760479 /* NSString+HSHBAdditions.m */; };
		321E19DAFC549B2557E58892 /* HSHBDownloadCalendarEventsOperation.m in Sources */ = {isa = PBXBuildFile; fileRef = 321E197D5F36A3250AEA38FE /* HSHBDownloadCalendarEventsOperation.m */; };
		321E19FF94FA782F531F24B3 /* GoogleCalendarEvent+HSHBAdditions.m in Sources */ = {isa = PBXBuildFile; fileRef = 321E1634660853870ACD4F6C /* GoogleCalendarEvent+HSHBAdditions.m */; };
		8F21CF5B17E516D700902F48 /* sign_yellow.png in Resources */ = {isa = PBXBuildFile; fileRef = 8F21CF5917E516D700902F48 /* sign_yellow.png */; };
		8F21CF5C17E516D700902F48 /* sign_yellow@2x.png in Resources */ = {isa = PBXBuildFile; fileRef = 8F21CF5A17E516D700902F48 /* sign_yellow@2x.png */; };
		8F21CF6E17E5D46000902F48 /* NSString+AdditionEmpty.m in Sources */ = {isa = PBXBuildFile; fileRef = 8F21CF6917E5D46000902F48 /* NSString+AdditionEmpty.m */; };
		8F21CF6F17E5D46000902F48 /* RegexKitLite.m in Sources */ = {isa = PBXBuildFile; fileRef = 8F21CF6B17E5D46000902F48 /* RegexKitLite.m */; };
		8F21CF7017E5D46000902F48 /* UIDevice+Smokebox.m in Sources */ = {isa = PBXBuildFile; fileRef = 8F21CF6D17E5D46000902F48 /* UIDevice+Smokebox.m */; };
		8F2E509E183915C1008BAF18 /* MessageUI.framework in Frameworks */ = {isa = PBXBuildFile; fileRef = 8F2E509D183915C0008BAF18 /* MessageUI.framework */; };
		8F2E50A218391731008BAF18 /* Social.framework in Frameworks */ = {isa = PBXBuildFile; fileRef = 8F2E50A118391731008BAF18 /* Social.framework */; };
		8F2E50A418391738008BAF18 /* Accounts.framework in Frameworks */ = {isa = PBXBuildFile; fileRef = 8F2E50A318391738008BAF18 /* Accounts.framework */; };
		8F46846517DE19EB00D2137D /* UIKit.framework in Frameworks */ = {isa = PBXBuildFile; fileRef = 8F46846417DE19EB00D2137D /* UIKit.framework */; };
		8F46846717DE19EB00D2137D /* Foundation.framework in Frameworks */ = {isa = PBXBuildFile; fileRef = 8F46846617DE19EB00D2137D /* Foundation.framework */; };
		8F46846917DE19EB00D2137D /* CoreGraphics.framework in Frameworks */ = {isa = PBXBuildFile; fileRef = 8F46846817DE19EB00D2137D /* CoreGraphics.framework */; };
		8F46847117DE19EB00D2137D /* main.m in Sources */ = {isa = PBXBuildFile; fileRef = 8F46847017DE19EB00D2137D /* main.m */; };
		8F46847517DE19EB00D2137D /* AppDelegate.m in Sources */ = {isa = PBXBuildFile; fileRef = 8F46847417DE19EB00D2137D /* AppDelegate.m */; };
		8F46847E17DE19EB00D2137D /* EventDetailViewController.m in Sources */ = {isa = PBXBuildFile; fileRef = 8F46847D17DE19EB00D2137D /* EventDetailViewController.m */; };
		8F46849B17DE1B4E00D2137D /* AFHTTPClient.m in Sources */ = {isa = PBXBuildFile; fileRef = 8F46848917DE1B4E00D2137D /* AFHTTPClient.m */; settings = {COMPILER_FLAGS = "-fobjc-arc"; }; };
		8F46849C17DE1B4E00D2137D /* AFHTTPRequestOperation.m in Sources */ = {isa = PBXBuildFile; fileRef = 8F46848B17DE1B4E00D2137D /* AFHTTPRequestOperation.m */; settings = {COMPILER_FLAGS = "-fobjc-arc"; }; };
		8F46849D17DE1B4E00D2137D /* AFImageRequestOperation.m in Sources */ = {isa = PBXBuildFile; fileRef = 8F46848D17DE1B4E00D2137D /* AFImageRequestOperation.m */; settings = {COMPILER_FLAGS = "-fobjc-arc"; }; };
		8F46849E17DE1B4E00D2137D /* AFJSONRequestOperation.m in Sources */ = {isa = PBXBuildFile; fileRef = 8F46848F17DE1B4E00D2137D /* AFJSONRequestOperation.m */; settings = {COMPILER_FLAGS = "-fobjc-arc"; }; };
		8F46849F17DE1B4E00D2137D /* AFNetworkActivityIndicatorManager.m in Sources */ = {isa = PBXBuildFile; fileRef = 8F46849117DE1B4E00D2137D /* AFNetworkActivityIndicatorManager.m */; settings = {COMPILER_FLAGS = "-fobjc-arc"; }; };
		8F4684A017DE1B4E00D2137D /* AFPropertyListRequestOperation.m in Sources */ = {isa = PBXBuildFile; fileRef = 8F46849417DE1B4E00D2137D /* AFPropertyListRequestOperation.m */; settings = {COMPILER_FLAGS = "-fobjc-arc"; }; };
		8F4684A117DE1B4E00D2137D /* AFURLConnectionOperation.m in Sources */ = {isa = PBXBuildFile; fileRef = 8F46849617DE1B4E00D2137D /* AFURLConnectionOperation.m */; settings = {COMPILER_FLAGS = "-fobjc-arc"; }; };
		8F4684A217DE1B4E00D2137D /* AFXMLRequestOperation.m in Sources */ = {isa = PBXBuildFile; fileRef = 8F46849817DE1B4E00D2137D /* AFXMLRequestOperation.m */; settings = {COMPILER_FLAGS = "-fobjc-arc"; }; };
		8F4684A317DE1B4E00D2137D /* UIImageView+AFNetworking.m in Sources */ = {isa = PBXBuildFile; fileRef = 8F46849A17DE1B4E00D2137D /* UIImageView+AFNetworking.m */; settings = {COMPILER_FLAGS = "-fobjc-arc"; }; };
		8F4684A717DE1C6000D2137D /* Icon.png in Resources */ = {isa = PBXBuildFile; fileRef = 8F4684A517DE1C6000D2137D /* Icon.png */; };
		8F4684A817DE1C6000D2137D /* Icon@2x.png in Resources */ = {isa = PBXBuildFile; fileRef = 8F4684A617DE1C6000D2137D /* Icon@2x.png */; };
		8F4684AA17DE1D7D00D2137D /* MobileCoreServices.framework in Frameworks */ = {isa = PBXBuildFile; fileRef = 8F4684A917DE1D7D00D2137D /* MobileCoreServices.framework */; };
		8F4684AC17DE1D9300D2137D /* SystemConfiguration.framework in Frameworks */ = {isa = PBXBuildFile; fileRef = 8F4684AB17DE1D9300D2137D /* SystemConfiguration.framework */; };
		8F4684AE17DE1DE300D2137D /* Security.framework in Frameworks */ = {isa = PBXBuildFile; fileRef = 8F4684AD17DE1DE300D2137D /* Security.framework */; };
		8F4684B217DE23DF00D2137D /* UIColor+Expanded.m in Sources */ = {isa = PBXBuildFile; fileRef = 8F4684B117DE23DF00D2137D /* UIColor+Expanded.m */; };
		8F4684B617DE727000D2137D /* CalendarViewController.m in Sources */ = {isa = PBXBuildFile; fileRef = 8F4684B417DE726F00D2137D /* CalendarViewController.m */; };
		8F4684B717DE727000D2137D /* CalendarViewController.xib in Resources */ = {isa = PBXBuildFile; fileRef = 8F4684B517DE727000D2137D /* CalendarViewController.xib */; };
		8F4684BD17DE735800D2137D /* GoogleCalendarEvent.m in Sources */ = {isa = PBXBuildFile; fileRef = 8F4684BA17DE735800D2137D /* GoogleCalendarEvent.m */; };
		8F4684C017DE74AC00D2137D /* EventKit.framework in Frameworks */ = {isa = PBXBuildFile; fileRef = 8F4684BF17DE74AC00D2137D /* EventKit.framework */; };
		8F7904F61DE21B46007617A7 /* icon_wheel.png in Resources */ = {isa = PBXBuildFile; fileRef = 8F7904F31DE21B46007617A7 /* icon_wheel.png */; };
		8F7904F71DE21B46007617A7 /* icon_wheel@2x.png in Resources */ = {isa = PBXBuildFile; fileRef = 8F7904F41DE21B46007617A7 /* icon_wheel@2x.png */; };
		8F7904F81DE21B46007617A7 /* icon_wheel@3x.png in Resources */ = {isa = PBXBuildFile; fileRef = 8F7904F51DE21B46007617A7 /* icon_wheel@3x.png */; };
		8F832365194F192C006904BE /* icon_browser.png in Resources */ = {isa = PBXBuildFile; fileRef = 8F832363194F192C006904BE /* icon_browser.png */; };
		8F832366194F192C006904BE /* icon_browser@2x.png in Resources */ = {isa = PBXBuildFile; fileRef = 8F832364194F192C006904BE /* icon_browser@2x.png */; };
		8F83236919504AC3006904BE /* HSBIcon.m in Sources */ = {isa = PBXBuildFile; fileRef = 8F83236819504AC3006904BE /* HSBIcon.m */; };
		8F880F1217E1B11400E13B6D /* Jastor.m in Sources */ = {isa = PBXBuildFile; fileRef = 8F880F0F17E1B11400E13B6D /* Jastor.m */; };
		8F880F1317E1B11400E13B6D /* JastorRuntimeHelper.m in Sources */ = {isa = PBXBuildFile; fileRef = 8F880F1117E1B11400E13B6D /* JastorRuntimeHelper.m */; };
		8F880F1D17E1B1AB00E13B6D /* JTDateMappings.m in Sources */ = {isa = PBXBuildFile; fileRef = 8F880F1617E1B1AB00E13B6D /* JTDateMappings.m */; };
		8F880F1E17E1B1AB00E13B6D /* JTISO8601DateFormatter.m in Sources */ = {isa = PBXBuildFile; fileRef = 8F880F1817E1B1AB00E13B6D /* JTISO8601DateFormatter.m */; };
		8F880F1F17E1B1AB00E13B6D /* JTMappings.m in Sources */ = {isa = PBXBuildFile; fileRef = 8F880F1A17E1B1AB00E13B6D /* JTMappings.m */; };
		8F880F2017E1B1AB00E13B6D /* NSObject+JTObjectMapping.m in Sources */ = {isa = PBXBuildFile; fileRef = 8F880F1C17E1B1AB00E13B6D /* NSObject+JTObjectMapping.m */; };
		8F880F2217E1BB6A00E13B6D /* QuartzCore.framework in Frameworks */ = {isa = PBXBuildFile; fileRef = 8F880F2117E1BB6A00E13B6D /* QuartzCore.framework */; };
		8F8F4A071ED9A118004D6E0E /* FDKeychain.m in Sources */ = {isa = PBXBuildFile; fileRef = 8F8F4A061ED9A118004D6E0E /* FDKeychain.m */; };
		8F917B8D1DE303A000AACE9F /* icon_back_elegant.png in Resources */ = {isa = PBXBuildFile; fileRef = 8F917B8A1DE303A000AACE9F /* icon_back_elegant.png */; };
		8F917B8E1DE303A000AACE9F /* icon_back_elegant@2x.png in Resources */ = {isa = PBXBuildFile; fileRef = 8F917B8B1DE303A000AACE9F /* icon_back_elegant@2x.png */; };
		8F917B8F1DE303A000AACE9F /* icon_back_elegant@3x.png in Resources */ = {isa = PBXBuildFile; fileRef = 8F917B8C1DE303A000AACE9F /* icon_back_elegant@3x.png */; };
		8FA5D2821951BAE000237548 /* AMBouncingView.m in Sources */ = {isa = PBXBuildFile; fileRef = 8FA5D2771951BAE000237548 /* AMBouncingView.m */; settings = {COMPILER_FLAGS = "-fobjc-arc"; }; };
		8FA5D2831951BAE000237548 /* AMSmoothAlertView.m in Sources */ = {isa = PBXBuildFile; fileRef = 8FA5D27A1951BAE000237548 /* AMSmoothAlertView.m */; settings = {COMPILER_FLAGS = "-fobjc-arc"; }; };
		8FA5D2841951BAE000237548 /* checkMark.png in Resources */ = {isa = PBXBuildFile; fileRef = 8FA5D27C1951BAE000237548 /* checkMark.png */; };
		8FA5D2851951BAE000237548 /* checkMark@2x.png in Resources */ = {isa = PBXBuildFile; fileRef = 8FA5D27D1951BAE000237548 /* checkMark@2x.png */; };
		8FA5D2861951BAE000237548 /* crossMark.png in Resources */ = {isa = PBXBuildFile; fileRef = 8FA5D27E1951BAE000237548 /* crossMark.png */; };
		8FA5D2871951BAE000237548 /* crossMark@2x.png in Resources */ = {isa = PBXBuildFile; fileRef = 8FA5D27F1951BAE000237548 /* crossMark@2x.png */; };
		8FA5D2881951BAE000237548 /* info.png in Resources */ = {isa = PBXBuildFile; fileRef = 8FA5D2801951BAE000237548 /* info.png */; };
		8FA5D2891951BAE000237548 /* info@2x.png in Resources */ = {isa = PBXBuildFile; fileRef = 8FA5D2811951BAE000237548 /* info@2x.png */; };
		8FA5D28D1951EC9500237548 /* CoreImage.framework in Frameworks */ = {isa = PBXBuildFile; fileRef = 8FA5D28C1951EC9500237548 /* CoreImage.framework */; };
		8FA5D2911951ED6100237548 /* FXBlurView.m in Sources */ = {isa = PBXBuildFile; fileRef = 8FA5D2901951ED6100237548 /* FXBlurView.m */; settings = {COMPILER_FLAGS = "-fobjc-arc"; }; };
		8FA5D2981952D77100237548 /* MMLabel.m in Sources */ = {isa = PBXBuildFile; fileRef = 8FA5D2941952D77100237548 /* MMLabel.m */; settings = {COMPILER_FLAGS = "-fobjc-arc"; }; };
		8FA5D2991952D77100237548 /* MMPopLabel.m in Sources */ = {isa = PBXBuildFile; fileRef = 8FA5D2961952D77100237548 /* MMPopLabel.m */; settings = {COMPILER_FLAGS = "-fobjc-arc"; }; };
		8FA9C0661B4D5F6B004C103B /* Default_Phone-Landscape-736h@3x.png in Resources */ = {isa = PBXBuildFile; fileRef = 8FA9C0601B4D5F6B004C103B /* Default_Phone-Landscape-736h@3x.png */; };
		8FA9C0671B4D5F6B004C103B /* Default_Phone-667h@2x.png in Resources */ = {isa = PBXBuildFile; fileRef = 8FA9C0611B4D5F6B004C103B /* Default_Phone-667h@2x.png */; };
		8FA9C0681B4D5F6B004C103B /* Default_Phone-736h@3x.png in Resources */ = {isa = PBXBuildFile; fileRef = 8FA9C0621B4D5F6B004C103B /* Default_Phone-736h@3x.png */; };
		8FA9C0691B4D5F6B004C103B /* Default_Phone.png in Resources */ = {isa = PBXBuildFile; fileRef = 8FA9C0631B4D5F6B004C103B /* Default_Phone.png */; };
		8FA9C06A1B4D5F6B004C103B /* Default_Phone-568h@2x.png in Resources */ = {isa = PBXBuildFile; fileRef = 8FA9C0641B4D5F6B004C103B /* Default_Phone-568h@2x.png */; };
		8FA9C06B1B4D5F6B004C103B /* Default_Phone@2x.png in Resources */ = {isa = PBXBuildFile; fileRef = 8FA9C0651B4D5F6B004C103B /* Default_Phone@2x.png */; };
		8FA9C06D1B4D5F7C004C103B /* Images.xcassets in Resources */ = {isa = PBXBuildFile; fileRef = 8FA9C06C1B4D5F7C004C103B /* Images.xcassets */; };
		8FA9C0731B4D617E004C103B /* Icon_60.png in Resources */ = {isa = PBXBuildFile; fileRef = 8FA9C0701B4D617E004C103B /* Icon_60.png */; };
		8FA9C0741B4D617E004C103B /* Icon_60@2x.png in Resources */ = {isa = PBXBuildFile; fileRef = 8FA9C0711B4D617E004C103B /* Icon_60@2x.png */; };
		8FA9C0751B4D617E004C103B /* Icon_60@3x.png in Resources */ = {isa = PBXBuildFile; fileRef = 8FA9C0721B4D617E004C103B /* Icon_60@3x.png */; };
		8FA9C0781B4D61DF004C103B /* Icon_57@2x.png in Resources */ = {isa = PBXBuildFile; fileRef = 8FA9C0761B4D61DF004C103B /* Icon_57@2x.png */; };
		8FA9C0791B4D61DF004C103B /* Icon_57.png in Resources */ = {isa = PBXBuildFile; fileRef = 8FA9C0771B4D61DF004C103B /* Icon_57.png */; };
		8FA9C07C1B4D63BF004C103B /* icon_favstar_framed@3x.png in Resources */ = {isa = PBXBuildFile; fileRef = 8FA9C07A1B4D63BF004C103B /* icon_favstar_framed@3x.png */; };
		8FA9C07D1B4D63BF004C103B /* icon_favstar_filled@3x.png in Resources */ = {isa = PBXBuildFile; fileRef = 8FA9C07B1B4D63BF004C103B /* icon_favstar_filled@3x.png */; };
		8FA9C0811B4D6532004C103B /* icon_browser@3x.png in Resources */ = {isa = PBXBuildFile; fileRef = 8FA9C0801B4D6532004C103B /* icon_browser@3x.png */; };
		8FA9C0851B4D666E004C103B /* sign_red@3x.png in Resources */ = {isa = PBXBuildFile; fileRef = 8FA9C0821B4D666E004C103B /* sign_red@3x.png */; };
		8FA9C0861B4D666E004C103B /* sign_green@3x.png in Resources */ = {isa = PBXBuildFile; fileRef = 8FA9C0831B4D666E004C103B /* sign_green@3x.png */; };
		8FA9C0871B4D666E004C103B /* sign_yellow@3x.png in Resources */ = {isa = PBXBuildFile; fileRef = 8FA9C0841B4D666E004C103B /* sign_yellow@3x.png */; };
		8FA9C08E1B4D69EA004C103B /* tableheader_right.png in Resources */ = {isa = PBXBuildFile; fileRef = 8FA9C0881B4D69EA004C103B /* tableheader_right.png */; };
		8FA9C08F1B4D69EA004C103B /* tableheader_right@2x.png in Resources */ = {isa = PBXBuildFile; fileRef = 8FA9C0891B4D69EA004C103B /* tableheader_right@2x.png */; };
		8FA9C0901B4D69EA004C103B /* tableheader_right@3x.png in Resources */ = {isa = PBXBuildFile; fileRef = 8FA9C08A1B4D69EA004C103B /* tableheader_right@3x.png */; };
		8FA9C0911B4D69EA004C103B /* tableheader_left.png in Resources */ = {isa = PBXBuildFile; fileRef = 8FA9C08B1B4D69EA004C103B /* tableheader_left.png */; };
		8FA9C0921B4D69EA004C103B /* tableheader_left@2x.png in Resources */ = {isa = PBXBuildFile; fileRef = 8FA9C08C1B4D69EA004C103B /* tableheader_left@2x.png */; };
		8FA9C0931B4D69EA004C103B /* tableheader_left@3x.png in Resources */ = {isa = PBXBuildFile; fileRef = 8FA9C08D1B4D69EA004C103B /* tableheader_left@3x.png */; };
		8FADE5AA17E4F64A00C2962E /* HSBError.m in Sources */ = {isa = PBXBuildFile; fileRef = 8FADE5A917E4F64A00C2962E /* HSBError.m */; };
		8FADE5B217E4FA7400C2962E /* SettingsViewController.m in Sources */ = {isa = PBXBuildFile; fileRef = 8FADE5B017E4FA7400C2962E /* SettingsViewController.m */; };
		8FADE5B317E4FA7400C2962E /* SettingsViewController.xib in Resources */ = {isa = PBXBuildFile; fileRef = 8FADE5B117E4FA7400C2962E /* SettingsViewController.xib */; };
		8FF12ECF1FD4332000BB2A10 /* Launch Screen.storyboard in Resources */ = {isa = PBXBuildFile; fileRef = 8FF12ECE1FD4332000BB2A10 /* Launch Screen.storyboard */; };
		8FF12ED11FD433F700BB2A10 /* Icon_1024.png in Resources */ = {isa = PBXBuildFile; fileRef = 8FF12ED01FD433F700BB2A10 /* Icon_1024.png */; };
		8FF98BFA17E0D12200AEA544 /* SilverDesignView.m in Sources */ = {isa = PBXBuildFile; fileRef = 8FF98BF917E0D12200AEA544 /* SilverDesignView.m */; };
		8FF98C0B17E0D9EE00AEA544 /* MOOCGImageWrapper.m in Sources */ = {isa = PBXBuildFile; fileRef = 8FF98C0417E0D9EE00AEA544 /* MOOCGImageWrapper.m */; settings = {COMPILER_FLAGS = "-fobjc-arc"; }; };
		8FF98C0C17E0D9EE00AEA544 /* MOOMaskedIconView.m in Sources */ = {isa = PBXBuildFile; fileRef = 8FF98C0617E0D9EE00AEA544 /* MOOMaskedIconView.m */; settings = {COMPILER_FLAGS = "-fobjc-arc"; }; };
		8FF98C0D17E0D9EE00AEA544 /* MOOResourceList.m in Sources */ = {isa = PBXBuildFile; fileRef = 8FF98C0817E0D9EE00AEA544 /* MOOResourceList.m */; settings = {COMPILER_FLAGS = "-fobjc-arc"; }; };
		8FF98C0E17E0D9EE00AEA544 /* MOOStyleTrait.m in Sources */ = {isa = PBXBuildFile; fileRef = 8FF98C0A17E0D9EE00AEA544 /* MOOStyleTrait.m */; settings = {COMPILER_FLAGS = "-fobjc-arc"; }; };
		8FF98C1017E0DB0300AEA544 /* Accelerate.framework in Frameworks */ = {isa = PBXBuildFile; fileRef = 8FF98C0F17E0DB0300AEA544 /* Accelerate.framework */; };
		8FFE080117E22F0A00B53224 /* HSBStatus.m in Sources */ = {isa = PBXBuildFile; fileRef = 8FFE080017E22F0A00B53224 /* HSBStatus.m */; };
		8FFE080617E23EF200B53224 /* HSBContact.m in Sources */ = {isa = PBXBuildFile; fileRef = 8FFE080517E23EF200B53224 /* HSBContact.m */; };
		8FFE080A17E2404C00B53224 /* HSBResult.m in Sources */ = {isa = PBXBuildFile; fileRef = 8FFE080917E2404C00B53224 /* HSBResult.m */; };
		8FFE080D17E245DA00B53224 /* HSBAPIClient.m in Sources */ = {isa = PBXBuildFile; fileRef = 8FFE080C17E245DA00B53224 /* HSBAPIClient.m */; };
		8FFE081817E25EBC00B53224 /* SinaURLConnection.m in Sources */ = {isa = PBXBuildFile; fileRef = 8FFE081717E25EBC00B53224 /* SinaURLConnection.m */; };
		8FFE081C17E2610200B53224 /* HSBApplication.m in Sources */ = {isa = PBXBuildFile; fileRef = 8FFE081B17E2610200B53224 /* HSBApplication.m */; };
		8FFE082117E2643900B53224 /* arrow_left.png in Resources */ = {isa = PBXBuildFile; fileRef = 8FFE081D17E2643900B53224 /* arrow_left.png */; };
		8FFE082217E2643900B53224 /* arrow_left@2x.png in Resources */ = {isa = PBXBuildFile; fileRef = 8FFE081E17E2643900B53224 /* arrow_left@2x.png */; };
		8FFE082317E2643900B53224 /* arrow_right.png in Resources */ = {isa = PBXBuildFile; fileRef = 8FFE081F17E2643900B53224 /* arrow_right.png */; };
		8FFE082417E2643900B53224 /* arrow_right@2x.png in Resources */ = {isa = PBXBuildFile; fileRef = 8FFE082017E2643900B53224 /* arrow_right@2x.png */; };
		8FFE082917E27B9300B53224 /* icon_favstar_filled.png in Resources */ = {isa = PBXBuildFile; fileRef = 8FFE082517E27B9300B53224 /* icon_favstar_filled.png */; };
		8FFE082A17E27B9300B53224 /* icon_favstar_filled@2x.png in Resources */ = {isa = PBXBuildFile; fileRef = 8FFE082617E27B9300B53224 /* icon_favstar_filled@2x.png */; };
		8FFE082B17E27B9300B53224 /* icon_favstar_framed.png in Resources */ = {isa = PBXBuildFile; fileRef = 8FFE082717E27B9300B53224 /* icon_favstar_framed.png */; };
		8FFE082C17E27B9300B53224 /* icon_favstar_framed@2x.png in Resources */ = {isa = PBXBuildFile; fileRef = 8FFE082817E27B9300B53224 /* icon_favstar_framed@2x.png */; };
		8FFE083217E2A6FF00B53224 /* libicucore.dylib in Frameworks */ = {isa = PBXBuildFile; fileRef = 8FFE083117E2A6FF00B53224 /* libicucore.dylib */; };
		8FFE083417E320F100B53224 /* EventDetailViewController.xib in Resources */ = {isa = PBXBuildFile; fileRef = 8FFE083317E320F100B53224 /* EventDetailViewController.xib */; };
		8FFE083617E320FC00B53224 /* InfoPlist.strings in Resources */ = {isa = PBXBuildFile; fileRef = 8FFE083517E320FC00B53224 /* InfoPlist.strings */; };
		8FFE083817E3228B00B53224 /* iTunesArtwork in Resources */ = {isa = PBXBuildFile; fileRef = 8FFE083717E3228B00B53224 /* iTunesArtwork */; };
		8FFE083D17E370BC00B53224 /* sign_green.png in Resources */ = {isa = PBXBuildFile; fileRef = 8FFE083917E370BC00B53224 /* sign_green.png */; };
		8FFE083E17E370BC00B53224 /* sign_green@2x.png in Resources */ = {isa = PBXBuildFile; fileRef = 8FFE083A17E370BC00B53224 /* sign_green@2x.png */; };
		8FFE083F17E370BC00B53224 /* sign_red.png in Resources */ = {isa = PBXBuildFile; fileRef = 8FFE083B17E370BC00B53224 /* sign_red.png */; };
		8FFE084017E370BC00B53224 /* sign_red@2x.png in Resources */ = {isa = PBXBuildFile; fileRef = 8FFE083C17E370BC00B53224 /* sign_red@2x.png */; };
		8FFE084317E3722C00B53224 /* DecayAnimation.m in Sources */ = {isa = PBXBuildFile; fileRef = 8FFE084217E3722B00B53224 /* DecayAnimation.m */; };
/* End PBXBuildFile section */

/* Begin PBXFileReference section */
		321E13CDA24E3EBA3E011735 /* NSString+HSHBAdditions.h */ = {isa = PBXFileReference; fileEncoding = 4; lastKnownFileType = sourcecode.c.h; path = "NSString+HSHBAdditions.h"; sourceTree = "<group>"; };
		321E1634660853870ACD4F6C /* GoogleCalendarEvent+HSHBAdditions.m */ = {isa = PBXFileReference; fileEncoding = 4; lastKnownFileType = sourcecode.c.objc; path = "GoogleCalendarEvent+HSHBAdditions.m"; sourceTree = "<group>"; };
		321E197D5F36A3250AEA38FE /* HSHBDownloadCalendarEventsOperation.m */ = {isa = PBXFileReference; fileEncoding = 4; lastKnownFileType = sourcecode.c.objc; path = HSHBDownloadCalendarEventsOperation.m; sourceTree = "<group>"; };
		321E19C6D845E08E14760479 /* NSString+HSHBAdditions.m */ = {isa = PBXFileReference; fileEncoding = 4; lastKnownFileType = sourcecode.c.objc; path = "NSString+HSHBAdditions.m"; sourceTree = "<group>"; };
		321E1D55F3EFEB216E943968 /* HSHBDownloadCalendarEventsOperation.h */ = {isa = PBXFileReference; fileEncoding = 4; lastKnownFileType = sourcecode.c.h; path = HSHBDownloadCalendarEventsOperation.h; sourceTree = "<group>"; };
		321E1E6ABF80651F14351C64 /* GoogleCalendarEvent+HSHBAdditions.h */ = {isa = PBXFileReference; fileEncoding = 4; lastKnownFileType = sourcecode.c.h; path = "GoogleCalendarEvent+HSHBAdditions.h"; sourceTree = "<group>"; };
		8F21CF5917E516D700902F48 /* sign_yellow.png */ = {isa = PBXFileReference; lastKnownFileType = image.png; path = sign_yellow.png; sourceTree = SOURCE_ROOT; };
		8F21CF5A17E516D700902F48 /* sign_yellow@2x.png */ = {isa = PBXFileReference; lastKnownFileType = image.png; path = "sign_yellow@2x.png"; sourceTree = SOURCE_ROOT; };
		8F21CF6817E5D46000902F48 /* NSString+AdditionEmpty.h */ = {isa = PBXFileReference; fileEncoding = 4; lastKnownFileType = sourcecode.c.h; path = "NSString+AdditionEmpty.h"; sourceTree = "<group>"; };
		8F21CF6917E5D46000902F48 /* NSString+AdditionEmpty.m */ = {isa = PBXFileReference; fileEncoding = 4; lastKnownFileType = sourcecode.c.objc; path = "NSString+AdditionEmpty.m"; sourceTree = "<group>"; };
		8F21CF6A17E5D46000902F48 /* RegexKitLite.h */ = {isa = PBXFileReference; fileEncoding = 4; lastKnownFileType = sourcecode.c.h; path = RegexKitLite.h; sourceTree = "<group>"; };
		8F21CF6B17E5D46000902F48 /* RegexKitLite.m */ = {isa = PBXFileReference; fileEncoding = 4; lastKnownFileType = sourcecode.c.objc; path = RegexKitLite.m; sourceTree = "<group>"; };
		8F21CF6C17E5D46000902F48 /* UIDevice+Smokebox.h */ = {isa = PBXFileReference; fileEncoding = 4; lastKnownFileType = sourcecode.c.h; path = "UIDevice+Smokebox.h"; sourceTree = "<group>"; };
		8F21CF6D17E5D46000902F48 /* UIDevice+Smokebox.m */ = {isa = PBXFileReference; fileEncoding = 4; lastKnownFileType = sourcecode.c.objc; path = "UIDevice+Smokebox.m"; sourceTree = "<group>"; };
		8F2E509D183915C0008BAF18 /* MessageUI.framework */ = {isa = PBXFileReference; lastKnownFileType = wrapper.framework; name = MessageUI.framework; path = System/Library/Frameworks/MessageUI.framework; sourceTree = SDKROOT; };
		8F2E50A118391731008BAF18 /* Social.framework */ = {isa = PBXFileReference; lastKnownFileType = wrapper.framework; name = Social.framework; path = System/Library/Frameworks/Social.framework; sourceTree = SDKROOT; };
		8F2E50A318391738008BAF18 /* Accounts.framework */ = {isa = PBXFileReference; lastKnownFileType = wrapper.framework; name = Accounts.framework; path = System/Library/Frameworks/Accounts.framework; sourceTree = SDKROOT; };
		8F46846117DE19EB00D2137D /* hackerspacehb.app */ = {isa = PBXFileReference; explicitFileType = wrapper.application; includeInIndex = 0; path = hackerspacehb.app; sourceTree = BUILT_PRODUCTS_DIR; };
		8F46846417DE19EB00D2137D /* UIKit.framework */ = {isa = PBXFileReference; lastKnownFileType = wrapper.framework; name = UIKit.framework; path = System/Library/Frameworks/UIKit.framework; sourceTree = SDKROOT; };
		8F46846617DE19EB00D2137D /* Foundation.framework */ = {isa = PBXFileReference; lastKnownFileType = wrapper.framework; name = Foundation.framework; path = System/Library/Frameworks/Foundation.framework; sourceTree = SDKROOT; };
		8F46846817DE19EB00D2137D /* CoreGraphics.framework */ = {isa = PBXFileReference; lastKnownFileType = wrapper.framework; name = CoreGraphics.framework; path = System/Library/Frameworks/CoreGraphics.framework; sourceTree = SDKROOT; };
		8F46846C17DE19EB00D2137D /* hackerspacehb-Info.plist */ = {isa = PBXFileReference; lastKnownFileType = text.plist.xml; name = "hackerspacehb-Info.plist"; path = "hackerspacehb/hackerspacehb-Info.plist"; sourceTree = "<group>"; };
		8F46847017DE19EB00D2137D /* main.m */ = {isa = PBXFileReference; lastKnownFileType = sourcecode.c.objc; name = main.m; path = hackerspacehb/main.m; sourceTree = "<group>"; };
		8F46847217DE19EB00D2137D /* hackerspacehb-Prefix.pch */ = {isa = PBXFileReference; lastKnownFileType = sourcecode.c.h; name = "hackerspacehb-Prefix.pch"; path = "hackerspacehb/hackerspacehb-Prefix.pch"; sourceTree = "<group>"; };
		8F46847317DE19EB00D2137D /* AppDelegate.h */ = {isa = PBXFileReference; lastKnownFileType = sourcecode.c.h; name = AppDelegate.h; path = hackerspacehb/AppDelegate.h; sourceTree = "<group>"; };
		8F46847417DE19EB00D2137D /* AppDelegate.m */ = {isa = PBXFileReference; lastKnownFileType = sourcecode.c.objc; lineEnding = 0; name = AppDelegate.m; path = hackerspacehb/AppDelegate.m; sourceTree = "<group>"; xcLanguageSpecificationIdentifier = xcode.lang.objc; };
		8F46847C17DE19EB00D2137D /* EventDetailViewController.h */ = {isa = PBXFileReference; lastKnownFileType = sourcecode.c.h; path = EventDetailViewController.h; sourceTree = "<group>"; };
		8F46847D17DE19EB00D2137D /* EventDetailViewController.m */ = {isa = PBXFileReference; lastKnownFileType = sourcecode.c.objc; lineEnding = 0; path = EventDetailViewController.m; sourceTree = "<group>"; xcLanguageSpecificationIdentifier = xcode.lang.objc; };
		8F46848817DE1B4E00D2137D /* AFHTTPClient.h */ = {isa = PBXFileReference; fileEncoding = 4; lastKnownFileType = sourcecode.c.h; path = AFHTTPClient.h; sourceTree = "<group>"; };
		8F46848917DE1B4E00D2137D /* AFHTTPClient.m */ = {isa = PBXFileReference; fileEncoding = 4; lastKnownFileType = sourcecode.c.objc; lineEnding = 0; path = AFHTTPClient.m; sourceTree = "<group>"; xcLanguageSpecificationIdentifier = xcode.lang.objc; };
		8F46848A17DE1B4E00D2137D /* AFHTTPRequestOperation.h */ = {isa = PBXFileReference; fileEncoding = 4; lastKnownFileType = sourcecode.c.h; path = AFHTTPRequestOperation.h; sourceTree = "<group>"; };
		8F46848B17DE1B4E00D2137D /* AFHTTPRequestOperation.m */ = {isa = PBXFileReference; fileEncoding = 4; lastKnownFileType = sourcecode.c.objc; path = AFHTTPRequestOperation.m; sourceTree = "<group>"; };
		8F46848C17DE1B4E00D2137D /* AFImageRequestOperation.h */ = {isa = PBXFileReference; fileEncoding = 4; lastKnownFileType = sourcecode.c.h; path = AFImageRequestOperation.h; sourceTree = "<group>"; };
		8F46848D17DE1B4E00D2137D /* AFImageRequestOperation.m */ = {isa = PBXFileReference; fileEncoding = 4; lastKnownFileType = sourcecode.c.objc; path = AFImageRequestOperation.m; sourceTree = "<group>"; };
		8F46848E17DE1B4E00D2137D /* AFJSONRequestOperation.h */ = {isa = PBXFileReference; fileEncoding = 4; lastKnownFileType = sourcecode.c.h; path = AFJSONRequestOperation.h; sourceTree = "<group>"; };
		8F46848F17DE1B4E00D2137D /* AFJSONRequestOperation.m */ = {isa = PBXFileReference; fileEncoding = 4; lastKnownFileType = sourcecode.c.objc; path = AFJSONRequestOperation.m; sourceTree = "<group>"; };
		8F46849017DE1B4E00D2137D /* AFNetworkActivityIndicatorManager.h */ = {isa = PBXFileReference; fileEncoding = 4; lastKnownFileType = sourcecode.c.h; path = AFNetworkActivityIndicatorManager.h; sourceTree = "<group>"; };
		8F46849117DE1B4E00D2137D /* AFNetworkActivityIndicatorManager.m */ = {isa = PBXFileReference; fileEncoding = 4; lastKnownFileType = sourcecode.c.objc; path = AFNetworkActivityIndicatorManager.m; sourceTree = "<group>"; };
		8F46849217DE1B4E00D2137D /* AFNetworking.h */ = {isa = PBXFileReference; fileEncoding = 4; lastKnownFileType = sourcecode.c.h; path = AFNetworking.h; sourceTree = "<group>"; };
		8F46849317DE1B4E00D2137D /* AFPropertyListRequestOperation.h */ = {isa = PBXFileReference; fileEncoding = 4; lastKnownFileType = sourcecode.c.h; path = AFPropertyListRequestOperation.h; sourceTree = "<group>"; };
		8F46849417DE1B4E00D2137D /* AFPropertyListRequestOperation.m */ = {isa = PBXFileReference; fileEncoding = 4; lastKnownFileType = sourcecode.c.objc; path = AFPropertyListRequestOperation.m; sourceTree = "<group>"; };
		8F46849517DE1B4E00D2137D /* AFURLConnectionOperation.h */ = {isa = PBXFileReference; fileEncoding = 4; lastKnownFileType = sourcecode.c.h; path = AFURLConnectionOperation.h; sourceTree = "<group>"; };
		8F46849617DE1B4E00D2137D /* AFURLConnectionOperation.m */ = {isa = PBXFileReference; fileEncoding = 4; lastKnownFileType = sourcecode.c.objc; path = AFURLConnectionOperation.m; sourceTree = "<group>"; };
		8F46849717DE1B4E00D2137D /* AFXMLRequestOperation.h */ = {isa = PBXFileReference; fileEncoding = 4; lastKnownFileType = sourcecode.c.h; path = AFXMLRequestOperation.h; sourceTree = "<group>"; };
		8F46849817DE1B4E00D2137D /* AFXMLRequestOperation.m */ = {isa = PBXFileReference; fileEncoding = 4; lastKnownFileType = sourcecode.c.objc; path = AFXMLRequestOperation.m; sourceTree = "<group>"; };
		8F46849917DE1B4E00D2137D /* UIImageView+AFNetworking.h */ = {isa = PBXFileReference; fileEncoding = 4; lastKnownFileType = sourcecode.c.h; path = "UIImageView+AFNetworking.h"; sourceTree = "<group>"; };
		8F46849A17DE1B4E00D2137D /* UIImageView+AFNetworking.m */ = {isa = PBXFileReference; fileEncoding = 4; lastKnownFileType = sourcecode.c.objc; path = "UIImageView+AFNetworking.m"; sourceTree = "<group>"; };
		8F4684A517DE1C6000D2137D /* Icon.png */ = {isa = PBXFileReference; lastKnownFileType = image.png; path = Icon.png; sourceTree = SOURCE_ROOT; };
		8F4684A617DE1C6000D2137D /* Icon@2x.png */ = {isa = PBXFileReference; lastKnownFileType = image.png; path = "Icon@2x.png"; sourceTree = SOURCE_ROOT; };
		8F4684A917DE1D7D00D2137D /* MobileCoreServices.framework */ = {isa = PBXFileReference; lastKnownFileType = wrapper.framework; name = MobileCoreServices.framework; path = System/Library/Frameworks/MobileCoreServices.framework; sourceTree = SDKROOT; };
		8F4684AB17DE1D9300D2137D /* SystemConfiguration.framework */ = {isa = PBXFileReference; lastKnownFileType = wrapper.framework; name = SystemConfiguration.framework; path = System/Library/Frameworks/SystemConfiguration.framework; sourceTree = SDKROOT; };
		8F4684AD17DE1DE300D2137D /* Security.framework */ = {isa = PBXFileReference; lastKnownFileType = wrapper.framework; name = Security.framework; path = System/Library/Frameworks/Security.framework; sourceTree = SDKROOT; };
		8F4684B017DE23DF00D2137D /* UIColor+Expanded.h */ = {isa = PBXFileReference; fileEncoding = 4; lastKnownFileType = sourcecode.c.h; path = "UIColor+Expanded.h"; sourceTree = "<group>"; };
		8F4684B117DE23DF00D2137D /* UIColor+Expanded.m */ = {isa = PBXFileReference; fileEncoding = 4; lastKnownFileType = sourcecode.c.objc; lineEnding = 0; path = "UIColor+Expanded.m"; sourceTree = "<group>"; xcLanguageSpecificationIdentifier = xcode.lang.objc; };
		8F4684B317DE726F00D2137D /* CalendarViewController.h */ = {isa = PBXFileReference; fileEncoding = 4; lastKnownFileType = sourcecode.c.h; path = CalendarViewController.h; sourceTree = "<group>"; };
		8F4684B417DE726F00D2137D /* CalendarViewController.m */ = {isa = PBXFileReference; fileEncoding = 4; lastKnownFileType = sourcecode.c.objc; lineEnding = 0; path = CalendarViewController.m; sourceTree = "<group>"; xcLanguageSpecificationIdentifier = xcode.lang.objc; };
		8F4684B517DE727000D2137D /* CalendarViewController.xib */ = {isa = PBXFileReference; fileEncoding = 4; lastKnownFileType = file.xib; path = CalendarViewController.xib; sourceTree = "<group>"; };
		8F4684B917DE735800D2137D /* GoogleCalendarEvent.h */ = {isa = PBXFileReference; fileEncoding = 4; lastKnownFileType = sourcecode.c.h; path = GoogleCalendarEvent.h; sourceTree = "<group>"; };
		8F4684BA17DE735800D2137D /* GoogleCalendarEvent.m */ = {isa = PBXFileReference; fileEncoding = 4; lastKnownFileType = sourcecode.c.objc; path = GoogleCalendarEvent.m; sourceTree = "<group>"; };
		8F4684BF17DE74AC00D2137D /* EventKit.framework */ = {isa = PBXFileReference; lastKnownFileType = wrapper.framework; name = EventKit.framework; path = System/Library/Frameworks/EventKit.framework; sourceTree = SDKROOT; };
		8F7904F31DE21B46007617A7 /* icon_wheel.png */ = {isa = PBXFileReference; lastKnownFileType = image.png; path = icon_wheel.png; sourceTree = SOURCE_ROOT; };
		8F7904F41DE21B46007617A7 /* icon_wheel@2x.png */ = {isa = PBXFileReference; lastKnownFileType = image.png; path = "icon_wheel@2x.png"; sourceTree = SOURCE_ROOT; };
		8F7904F51DE21B46007617A7 /* icon_wheel@3x.png */ = {isa = PBXFileReference; lastKnownFileType = image.png; path = "icon_wheel@3x.png"; sourceTree = SOURCE_ROOT; };
		8F832363194F192C006904BE /* icon_browser.png */ = {isa = PBXFileReference; lastKnownFileType = image.png; path = icon_browser.png; sourceTree = SOURCE_ROOT; };
		8F832364194F192C006904BE /* icon_browser@2x.png */ = {isa = PBXFileReference; lastKnownFileType = image.png; path = "icon_browser@2x.png"; sourceTree = SOURCE_ROOT; };
		8F83236719504AC3006904BE /* HSBIcon.h */ = {isa = PBXFileReference; fileEncoding = 4; lastKnownFileType = sourcecode.c.h; path = HSBIcon.h; sourceTree = "<group>"; };
		8F83236819504AC3006904BE /* HSBIcon.m */ = {isa = PBXFileReference; fileEncoding = 4; lastKnownFileType = sourcecode.c.objc; path = HSBIcon.m; sourceTree = "<group>"; };
		8F880F0E17E1B11400E13B6D /* Jastor.h */ = {isa = PBXFileReference; fileEncoding = 4; lastKnownFileType = sourcecode.c.h; path = Jastor.h; sourceTree = "<group>"; };
		8F880F0F17E1B11400E13B6D /* Jastor.m */ = {isa = PBXFileReference; fileEncoding = 4; lastKnownFileType = sourcecode.c.objc; path = Jastor.m; sourceTree = "<group>"; };
		8F880F1017E1B11400E13B6D /* JastorRuntimeHelper.h */ = {isa = PBXFileReference; fileEncoding = 4; lastKnownFileType = sourcecode.c.h; path = JastorRuntimeHelper.h; sourceTree = "<group>"; };
		8F880F1117E1B11400E13B6D /* JastorRuntimeHelper.m */ = {isa = PBXFileReference; fileEncoding = 4; lastKnownFileType = sourcecode.c.objc; path = JastorRuntimeHelper.m; sourceTree = "<group>"; };
		8F880F1517E1B1AB00E13B6D /* JTDateMappings.h */ = {isa = PBXFileReference; fileEncoding = 4; lastKnownFileType = sourcecode.c.h; path = JTDateMappings.h; sourceTree = "<group>"; };
		8F880F1617E1B1AB00E13B6D /* JTDateMappings.m */ = {isa = PBXFileReference; fileEncoding = 4; lastKnownFileType = sourcecode.c.objc; path = JTDateMappings.m; sourceTree = "<group>"; };
		8F880F1717E1B1AB00E13B6D /* JTISO8601DateFormatter.h */ = {isa = PBXFileReference; fileEncoding = 4; lastKnownFileType = sourcecode.c.h; path = JTISO8601DateFormatter.h; sourceTree = "<group>"; };
		8F880F1817E1B1AB00E13B6D /* JTISO8601DateFormatter.m */ = {isa = PBXFileReference; fileEncoding = 4; lastKnownFileType = sourcecode.c.objc; lineEnding = 0; path = JTISO8601DateFormatter.m; sourceTree = "<group>"; xcLanguageSpecificationIdentifier = xcode.lang.objc; };
		8F880F1917E1B1AB00E13B6D /* JTMappings.h */ = {isa = PBXFileReference; fileEncoding = 4; lastKnownFileType = sourcecode.c.h; path = JTMappings.h; sourceTree = "<group>"; };
		8F880F1A17E1B1AB00E13B6D /* JTMappings.m */ = {isa = PBXFileReference; fileEncoding = 4; lastKnownFileType = sourcecode.c.objc; path = JTMappings.m; sourceTree = "<group>"; };
		8F880F1B17E1B1AB00E13B6D /* NSObject+JTObjectMapping.h */ = {isa = PBXFileReference; fileEncoding = 4; lastKnownFileType = sourcecode.c.h; path = "NSObject+JTObjectMapping.h"; sourceTree = "<group>"; };
		8F880F1C17E1B1AB00E13B6D /* NSObject+JTObjectMapping.m */ = {isa = PBXFileReference; fileEncoding = 4; lastKnownFileType = sourcecode.c.objc; lineEnding = 0; path = "NSObject+JTObjectMapping.m"; sourceTree = "<group>"; xcLanguageSpecificationIdentifier = xcode.lang.objc; };
		8F880F2117E1BB6A00E13B6D /* QuartzCore.framework */ = {isa = PBXFileReference; lastKnownFileType = wrapper.framework; name = QuartzCore.framework; path = System/Library/Frameworks/QuartzCore.framework; sourceTree = SDKROOT; };
		8F8F4A051ED9A118004D6E0E /* FDKeychain.h */ = {isa = PBXFileReference; fileEncoding = 4; lastKnownFileType = sourcecode.c.h; path = FDKeychain.h; sourceTree = "<group>"; };
		8F8F4A061ED9A118004D6E0E /* FDKeychain.m */ = {isa = PBXFileReference; fileEncoding = 4; lastKnownFileType = sourcecode.c.objc; path = FDKeychain.m; sourceTree = "<group>"; };
		8F917B8A1DE303A000AACE9F /* icon_back_elegant.png */ = {isa = PBXFileReference; lastKnownFileType = image.png; path = icon_back_elegant.png; sourceTree = SOURCE_ROOT; };
		8F917B8B1DE303A000AACE9F /* icon_back_elegant@2x.png */ = {isa = PBXFileReference; lastKnownFileType = image.png; path = "icon_back_elegant@2x.png"; sourceTree = SOURCE_ROOT; };
		8F917B8C1DE303A000AACE9F /* icon_back_elegant@3x.png */ = {isa = PBXFileReference; lastKnownFileType = image.png; path = "icon_back_elegant@3x.png"; sourceTree = SOURCE_ROOT; };
		8FA5D2761951BAE000237548 /* AMBouncingView.h */ = {isa = PBXFileReference; fileEncoding = 4; lastKnownFileType = sourcecode.c.h; path = AMBouncingView.h; sourceTree = "<group>"; };
		8FA5D2771951BAE000237548 /* AMBouncingView.m */ = {isa = PBXFileReference; fileEncoding = 4; lastKnownFileType = sourcecode.c.objc; path = AMBouncingView.m; sourceTree = "<group>"; };
		8FA5D2781951BAE000237548 /* AMSmoothAlertConstants.h */ = {isa = PBXFileReference; fileEncoding = 4; lastKnownFileType = sourcecode.c.h; path = AMSmoothAlertConstants.h; sourceTree = "<group>"; };
		8FA5D2791951BAE000237548 /* AMSmoothAlertView.h */ = {isa = PBXFileReference; fileEncoding = 4; lastKnownFileType = sourcecode.c.h; path = AMSmoothAlertView.h; sourceTree = "<group>"; };
		8FA5D27A1951BAE000237548 /* AMSmoothAlertView.m */ = {isa = PBXFileReference; fileEncoding = 4; lastKnownFileType = sourcecode.c.objc; path = AMSmoothAlertView.m; sourceTree = "<group>"; };
		8FA5D27C1951BAE000237548 /* checkMark.png */ = {isa = PBXFileReference; lastKnownFileType = image.png; path = checkMark.png; sourceTree = "<group>"; };
		8FA5D27D1951BAE000237548 /* checkMark@2x.png */ = {isa = PBXFileReference; lastKnownFileType = image.png; path = "checkMark@2x.png"; sourceTree = "<group>"; };
		8FA5D27E1951BAE000237548 /* crossMark.png */ = {isa = PBXFileReference; lastKnownFileType = image.png; path = crossMark.png; sourceTree = "<group>"; };
		8FA5D27F1951BAE000237548 /* crossMark@2x.png */ = {isa = PBXFileReference; lastKnownFileType = image.png; path = "crossMark@2x.png"; sourceTree = "<group>"; };
		8FA5D2801951BAE000237548 /* info.png */ = {isa = PBXFileReference; lastKnownFileType = image.png; path = info.png; sourceTree = "<group>"; };
		8FA5D2811951BAE000237548 /* info@2x.png */ = {isa = PBXFileReference; lastKnownFileType = image.png; path = "info@2x.png"; sourceTree = "<group>"; };
		8FA5D28C1951EC9500237548 /* CoreImage.framework */ = {isa = PBXFileReference; lastKnownFileType = wrapper.framework; name = CoreImage.framework; path = System/Library/Frameworks/CoreImage.framework; sourceTree = SDKROOT; };
		8FA5D28F1951ED6100237548 /* FXBlurView.h */ = {isa = PBXFileReference; fileEncoding = 4; lastKnownFileType = sourcecode.c.h; path = FXBlurView.h; sourceTree = "<group>"; };
		8FA5D2901951ED6100237548 /* FXBlurView.m */ = {isa = PBXFileReference; fileEncoding = 4; lastKnownFileType = sourcecode.c.objc; path = FXBlurView.m; sourceTree = "<group>"; };
		8FA5D2931952D77100237548 /* MMLabel.h */ = {isa = PBXFileReference; fileEncoding = 4; lastKnownFileType = sourcecode.c.h; path = MMLabel.h; sourceTree = "<group>"; };
		8FA5D2941952D77100237548 /* MMLabel.m */ = {isa = PBXFileReference; fileEncoding = 4; lastKnownFileType = sourcecode.c.objc; path = MMLabel.m; sourceTree = "<group>"; };
		8FA5D2951952D77100237548 /* MMPopLabel.h */ = {isa = PBXFileReference; fileEncoding = 4; lastKnownFileType = sourcecode.c.h; path = MMPopLabel.h; sourceTree = "<group>"; };
		8FA5D2961952D77100237548 /* MMPopLabel.m */ = {isa = PBXFileReference; fileEncoding = 4; lastKnownFileType = sourcecode.c.objc; path = MMPopLabel.m; sourceTree = "<group>"; };
		8FA5D2971952D77100237548 /* MMPopLabelDelegate.h */ = {isa = PBXFileReference; fileEncoding = 4; lastKnownFileType = sourcecode.c.h; path = MMPopLabelDelegate.h; sourceTree = "<group>"; };
		8FA9C0601B4D5F6B004C103B /* Default_Phone-Landscape-736h@3x.png */ = {isa = PBXFileReference; lastKnownFileType = image.png; path = "Default_Phone-Landscape-736h@3x.png"; sourceTree = SOURCE_ROOT; };
		8FA9C0611B4D5F6B004C103B /* Default_Phone-667h@2x.png */ = {isa = PBXFileReference; lastKnownFileType = image.png; path = "Default_Phone-667h@2x.png"; sourceTree = SOURCE_ROOT; };
		8FA9C0621B4D5F6B004C103B /* Default_Phone-736h@3x.png */ = {isa = PBXFileReference; lastKnownFileType = image.png; path = "Default_Phone-736h@3x.png"; sourceTree = SOURCE_ROOT; };
		8FA9C0631B4D5F6B004C103B /* Default_Phone.png */ = {isa = PBXFileReference; lastKnownFileType = image.png; path = Default_Phone.png; sourceTree = SOURCE_ROOT; };
		8FA9C0641B4D5F6B004C103B /* Default_Phone-568h@2x.png */ = {isa = PBXFileReference; lastKnownFileType = image.png; path = "Default_Phone-568h@2x.png"; sourceTree = SOURCE_ROOT; };
		8FA9C0651B4D5F6B004C103B /* Default_Phone@2x.png */ = {isa = PBXFileReference; lastKnownFileType = image.png; path = "Default_Phone@2x.png"; sourceTree = SOURCE_ROOT; };
		8FA9C06C1B4D5F7C004C103B /* Images.xcassets */ = {isa = PBXFileReference; lastKnownFileType = folder.assetcatalog; path = Images.xcassets; sourceTree = "<group>"; };
		8FA9C0701B4D617E004C103B /* Icon_60.png */ = {isa = PBXFileReference; lastKnownFileType = image.png; path = Icon_60.png; sourceTree = SOURCE_ROOT; };
		8FA9C0711B4D617E004C103B /* Icon_60@2x.png */ = {isa = PBXFileReference; lastKnownFileType = image.png; path = "Icon_60@2x.png"; sourceTree = SOURCE_ROOT; };
		8FA9C0721B4D617E004C103B /* Icon_60@3x.png */ = {isa = PBXFileReference; lastKnownFileType = image.png; path = "Icon_60@3x.png"; sourceTree = SOURCE_ROOT; };
		8FA9C0761B4D61DF004C103B /* Icon_57@2x.png */ = {isa = PBXFileReference; lastKnownFileType = image.png; path = "Icon_57@2x.png"; sourceTree = SOURCE_ROOT; };
		8FA9C0771B4D61DF004C103B /* Icon_57.png */ = {isa = PBXFileReference; lastKnownFileType = image.png; path = Icon_57.png; sourceTree = SOURCE_ROOT; };
		8FA9C07A1B4D63BF004C103B /* icon_favstar_framed@3x.png */ = {isa = PBXFileReference; lastKnownFileType = image.png; path = "icon_favstar_framed@3x.png"; sourceTree = SOURCE_ROOT; };
		8FA9C07B1B4D63BF004C103B /* icon_favstar_filled@3x.png */ = {isa = PBXFileReference; lastKnownFileType = image.png; path = "icon_favstar_filled@3x.png"; sourceTree = SOURCE_ROOT; };
		8FA9C0801B4D6532004C103B /* icon_browser@3x.png */ = {isa = PBXFileReference; lastKnownFileType = image.png; path = "icon_browser@3x.png"; sourceTree = SOURCE_ROOT; };
		8FA9C0821B4D666E004C103B /* sign_red@3x.png */ = {isa = PBXFileReference; lastKnownFileType = image.png; path = "sign_red@3x.png"; sourceTree = SOURCE_ROOT; };
		8FA9C0831B4D666E004C103B /* sign_green@3x.png */ = {isa = PBXFileReference; lastKnownFileType = image.png; path = "sign_green@3x.png"; sourceTree = SOURCE_ROOT; };
		8FA9C0841B4D666E004C103B /* sign_yellow@3x.png */ = {isa = PBXFileReference; lastKnownFileType = image.png; path = "sign_yellow@3x.png"; sourceTree = SOURCE_ROOT; };
		8FA9C0881B4D69EA004C103B /* tableheader_right.png */ = {isa = PBXFileReference; lastKnownFileType = image.png; path = tableheader_right.png; sourceTree = SOURCE_ROOT; };
		8FA9C0891B4D69EA004C103B /* tableheader_right@2x.png */ = {isa = PBXFileReference; lastKnownFileType = image.png; path = "tableheader_right@2x.png"; sourceTree = SOURCE_ROOT; };
		8FA9C08A1B4D69EA004C103B /* tableheader_right@3x.png */ = {isa = PBXFileReference; lastKnownFileType = image.png; path = "tableheader_right@3x.png"; sourceTree = SOURCE_ROOT; };
		8FA9C08B1B4D69EA004C103B /* tableheader_left.png */ = {isa = PBXFileReference; lastKnownFileType = image.png; path = tableheader_left.png; sourceTree = SOURCE_ROOT; };
		8FA9C08C1B4D69EA004C103B /* tableheader_left@2x.png */ = {isa = PBXFileReference; lastKnownFileType = image.png; path = "tableheader_left@2x.png"; sourceTree = SOURCE_ROOT; };
		8FA9C08D1B4D69EA004C103B /* tableheader_left@3x.png */ = {isa = PBXFileReference; lastKnownFileType = image.png; path = "tableheader_left@3x.png"; sourceTree = SOURCE_ROOT; };
		8FADE5A817E4F64A00C2962E /* HSBError.h */ = {isa = PBXFileReference; fileEncoding = 4; lastKnownFileType = sourcecode.c.h; path = HSBError.h; sourceTree = "<group>"; };
		8FADE5A917E4F64A00C2962E /* HSBError.m */ = {isa = PBXFileReference; fileEncoding = 4; lastKnownFileType = sourcecode.c.objc; path = HSBError.m; sourceTree = "<group>"; };
		8FADE5AF17E4FA7400C2962E /* SettingsViewController.h */ = {isa = PBXFileReference; fileEncoding = 4; lastKnownFileType = sourcecode.c.h; path = SettingsViewController.h; sourceTree = "<group>"; };
		8FADE5B017E4FA7400C2962E /* SettingsViewController.m */ = {isa = PBXFileReference; fileEncoding = 4; lastKnownFileType = sourcecode.c.objc; path = SettingsViewController.m; sourceTree = "<group>"; };
		8FADE5B117E4FA7400C2962E /* SettingsViewController.xib */ = {isa = PBXFileReference; fileEncoding = 4; lastKnownFileType = file.xib; path = SettingsViewController.xib; sourceTree = "<group>"; };
		8FF12ECE1FD4332000BB2A10 /* Launch Screen.storyboard */ = {isa = PBXFileReference; lastKnownFileType = file.storyboard; path = "Launch Screen.storyboard"; sourceTree = "<group>"; };
		8FF12ED01FD433F700BB2A10 /* Icon_1024.png */ = {isa = PBXFileReference; lastKnownFileType = image.png; path = Icon_1024.png; sourceTree = SOURCE_ROOT; };
		8FF12ED21FD43B2000BB2A10 /* LocalAuthentication.framework */ = {isa = PBXFileReference; lastKnownFileType = wrapper.framework; name = LocalAuthentication.framework; path = System/Library/Frameworks/LocalAuthentication.framework; sourceTree = SDKROOT; };
		8FF98BF817E0D12200AEA544 /* SilverDesignView.h */ = {isa = PBXFileReference; fileEncoding = 4; lastKnownFileType = sourcecode.c.h; path = SilverDesignView.h; sourceTree = "<group>"; };
		8FF98BF917E0D12200AEA544 /* SilverDesignView.m */ = {isa = PBXFileReference; fileEncoding = 4; lastKnownFileType = sourcecode.c.objc; path = SilverDesignView.m; sourceTree = "<group>"; };
		8FF98C0217E0D9EE00AEA544 /* AHHelper.h */ = {isa = PBXFileReference; fileEncoding = 4; lastKnownFileType = sourcecode.c.h; path = AHHelper.h; sourceTree = "<group>"; };
		8FF98C0317E0D9EE00AEA544 /* MOOCGImageWrapper.h */ = {isa = PBXFileReference; fileEncoding = 4; lastKnownFileType = sourcecode.c.h; path = MOOCGImageWrapper.h; sourceTree = "<group>"; };
		8FF98C0417E0D9EE00AEA544 /* MOOCGImageWrapper.m */ = {isa = PBXFileReference; fileEncoding = 4; lastKnownFileType = sourcecode.c.objc; path = MOOCGImageWrapper.m; sourceTree = "<group>"; };
		8FF98C0517E0D9EE00AEA544 /* MOOMaskedIconView.h */ = {isa = PBXFileReference; fileEncoding = 4; lastKnownFileType = sourcecode.c.h; path = MOOMaskedIconView.h; sourceTree = "<group>"; };
		8FF98C0617E0D9EE00AEA544 /* MOOMaskedIconView.m */ = {isa = PBXFileReference; fileEncoding = 4; lastKnownFileType = sourcecode.c.objc; lineEnding = 0; path = MOOMaskedIconView.m; sourceTree = "<group>"; xcLanguageSpecificationIdentifier = xcode.lang.objc; };
		8FF98C0717E0D9EE00AEA544 /* MOOResourceList.h */ = {isa = PBXFileReference; fileEncoding = 4; lastKnownFileType = sourcecode.c.h; path = MOOResourceList.h; sourceTree = "<group>"; };
		8FF98C0817E0D9EE00AEA544 /* MOOResourceList.m */ = {isa = PBXFileReference; fileEncoding = 4; lastKnownFileType = sourcecode.c.objc; path = MOOResourceList.m; sourceTree = "<group>"; };
		8FF98C0917E0D9EE00AEA544 /* MOOStyleTrait.h */ = {isa = PBXFileReference; fileEncoding = 4; lastKnownFileType = sourcecode.c.h; path = MOOStyleTrait.h; sourceTree = "<group>"; };
		8FF98C0A17E0D9EE00AEA544 /* MOOStyleTrait.m */ = {isa = PBXFileReference; fileEncoding = 4; lastKnownFileType = sourcecode.c.objc; lineEnding = 0; path = MOOStyleTrait.m; sourceTree = "<group>"; xcLanguageSpecificationIdentifier = xcode.lang.objc; };
		8FF98C0F17E0DB0300AEA544 /* Accelerate.framework */ = {isa = PBXFileReference; lastKnownFileType = wrapper.framework; name = Accelerate.framework; path = System/Library/Frameworks/Accelerate.framework; sourceTree = SDKROOT; };
		8FFE07FF17E22F0A00B53224 /* HSBStatus.h */ = {isa = PBXFileReference; fileEncoding = 4; lastKnownFileType = sourcecode.c.h; path = HSBStatus.h; sourceTree = "<group>"; };
		8FFE080017E22F0A00B53224 /* HSBStatus.m */ = {isa = PBXFileReference; fileEncoding = 4; lastKnownFileType = sourcecode.c.objc; path = HSBStatus.m; sourceTree = "<group>"; };
		8FFE080417E23EF200B53224 /* HSBContact.h */ = {isa = PBXFileReference; fileEncoding = 4; lastKnownFileType = sourcecode.c.h; path = HSBContact.h; sourceTree = "<group>"; };
		8FFE080517E23EF200B53224 /* HSBContact.m */ = {isa = PBXFileReference; fileEncoding = 4; lastKnownFileType = sourcecode.c.objc; path = HSBContact.m; sourceTree = "<group>"; };
		8FFE080817E2404C00B53224 /* HSBResult.h */ = {isa = PBXFileReference; fileEncoding = 4; lastKnownFileType = sourcecode.c.h; path = HSBResult.h; sourceTree = "<group>"; };
		8FFE080917E2404C00B53224 /* HSBResult.m */ = {isa = PBXFileReference; fileEncoding = 4; lastKnownFileType = sourcecode.c.objc; path = HSBResult.m; sourceTree = "<group>"; };
		8FFE080B17E245DA00B53224 /* HSBAPIClient.h */ = {isa = PBXFileReference; fileEncoding = 4; lastKnownFileType = sourcecode.c.h; path = HSBAPIClient.h; sourceTree = "<group>"; };
		8FFE080C17E245DA00B53224 /* HSBAPIClient.m */ = {isa = PBXFileReference; fileEncoding = 4; lastKnownFileType = sourcecode.c.objc; path = HSBAPIClient.m; sourceTree = "<group>"; };
		8FFE081617E25EBC00B53224 /* SinaURLConnection.h */ = {isa = PBXFileReference; fileEncoding = 4; lastKnownFileType = sourcecode.c.h; path = SinaURLConnection.h; sourceTree = "<group>"; };
		8FFE081717E25EBC00B53224 /* SinaURLConnection.m */ = {isa = PBXFileReference; fileEncoding = 4; lastKnownFileType = sourcecode.c.objc; lineEnding = 0; path = SinaURLConnection.m; sourceTree = "<group>"; xcLanguageSpecificationIdentifier = xcode.lang.objc; };
		8FFE081A17E2610200B53224 /* HSBApplication.h */ = {isa = PBXFileReference; fileEncoding = 4; lastKnownFileType = sourcecode.c.h; name = HSBApplication.h; path = hackerspacehb/HSBApplication.h; sourceTree = "<group>"; };
		8FFE081B17E2610200B53224 /* HSBApplication.m */ = {isa = PBXFileReference; fileEncoding = 4; lastKnownFileType = sourcecode.c.objc; lineEnding = 0; name = HSBApplication.m; path = hackerspacehb/HSBApplication.m; sourceTree = "<group>"; xcLanguageSpecificationIdentifier = xcode.lang.objc; };
		8FFE081D17E2643900B53224 /* arrow_left.png */ = {isa = PBXFileReference; lastKnownFileType = image.png; path = arrow_left.png; sourceTree = SOURCE_ROOT; };
		8FFE081E17E2643900B53224 /* arrow_left@2x.png */ = {isa = PBXFileReference; lastKnownFileType = image.png; path = "arrow_left@2x.png"; sourceTree = SOURCE_ROOT; };
		8FFE081F17E2643900B53224 /* arrow_right.png */ = {isa = PBXFileReference; lastKnownFileType = image.png; path = arrow_right.png; sourceTree = SOURCE_ROOT; };
		8FFE082017E2643900B53224 /* arrow_right@2x.png */ = {isa = PBXFileReference; lastKnownFileType = image.png; path = "arrow_right@2x.png"; sourceTree = SOURCE_ROOT; };
		8FFE082517E27B9300B53224 /* icon_favstar_filled.png */ = {isa = PBXFileReference; lastKnownFileType = image.png; path = icon_favstar_filled.png; sourceTree = SOURCE_ROOT; };
		8FFE082617E27B9300B53224 /* icon_favstar_filled@2x.png */ = {isa = PBXFileReference; lastKnownFileType = image.png; path = "icon_favstar_filled@2x.png"; sourceTree = SOURCE_ROOT; };
		8FFE082717E27B9300B53224 /* icon_favstar_framed.png */ = {isa = PBXFileReference; lastKnownFileType = image.png; path = icon_favstar_framed.png; sourceTree = SOURCE_ROOT; };
		8FFE082817E27B9300B53224 /* icon_favstar_framed@2x.png */ = {isa = PBXFileReference; lastKnownFileType = image.png; path = "icon_favstar_framed@2x.png"; sourceTree = SOURCE_ROOT; };
		8FFE083117E2A6FF00B53224 /* libicucore.dylib */ = {isa = PBXFileReference; lastKnownFileType = "compiled.mach-o.dylib"; name = libicucore.dylib; path = usr/lib/libicucore.dylib; sourceTree = SDKROOT; };
		8FFE083317E320F100B53224 /* EventDetailViewController.xib */ = {isa = PBXFileReference; fileEncoding = 4; lastKnownFileType = file.xib; path = EventDetailViewController.xib; sourceTree = "<group>"; };
		8FFE083517E320FC00B53224 /* InfoPlist.strings */ = {isa = PBXFileReference; fileEncoding = 4; lastKnownFileType = text.plist.strings; path = InfoPlist.strings; sourceTree = "<group>"; };
		8FFE083717E3228B00B53224 /* iTunesArtwork */ = {isa = PBXFileReference; lastKnownFileType = file; path = iTunesArtwork; sourceTree = "<group>"; };
		8FFE083917E370BC00B53224 /* sign_green.png */ = {isa = PBXFileReference; lastKnownFileType = image.png; path = sign_green.png; sourceTree = SOURCE_ROOT; };
		8FFE083A17E370BC00B53224 /* sign_green@2x.png */ = {isa = PBXFileReference; lastKnownFileType = image.png; path = "sign_green@2x.png"; sourceTree = SOURCE_ROOT; };
		8FFE083B17E370BC00B53224 /* sign_red.png */ = {isa = PBXFileReference; lastKnownFileType = image.png; path = sign_red.png; sourceTree = SOURCE_ROOT; };
		8FFE083C17E370BC00B53224 /* sign_red@2x.png */ = {isa = PBXFileReference; lastKnownFileType = image.png; path = "sign_red@2x.png"; sourceTree = SOURCE_ROOT; };
		8FFE084117E3722B00B53224 /* DecayAnimation.h */ = {isa = PBXFileReference; fileEncoding = 4; lastKnownFileType = sourcecode.c.h; path = DecayAnimation.h; sourceTree = SOURCE_ROOT; };
		8FFE084217E3722B00B53224 /* DecayAnimation.m */ = {isa = PBXFileReference; fileEncoding = 4; lastKnownFileType = sourcecode.c.objc; path = DecayAnimation.m; sourceTree = SOURCE_ROOT; };
/* End PBXFileReference section */

/* Begin PBXFrameworksBuildPhase section */
		8F46845E17DE19EB00D2137D /* Frameworks */ = {
			isa = PBXFrameworksBuildPhase;
			buildActionMask = 2147483647;
			files = (
				8FA5D28D1951EC9500237548 /* CoreImage.framework in Frameworks */,
				8FFE083217E2A6FF00B53224 /* libicucore.dylib in Frameworks */,
				8F880F2217E1BB6A00E13B6D /* QuartzCore.framework in Frameworks */,
				8FF98C1017E0DB0300AEA544 /* Accelerate.framework in Frameworks */,
				8F4684C017DE74AC00D2137D /* EventKit.framework in Frameworks */,
				8F4684AE17DE1DE300D2137D /* Security.framework in Frameworks */,
				8F4684AC17DE1D9300D2137D /* SystemConfiguration.framework in Frameworks */,
				8F4684AA17DE1D7D00D2137D /* MobileCoreServices.framework in Frameworks */,
				8F46846517DE19EB00D2137D /* UIKit.framework in Frameworks */,
				8F46846717DE19EB00D2137D /* Foundation.framework in Frameworks */,
				8F46846917DE19EB00D2137D /* CoreGraphics.framework in Frameworks */,
				8F2E509E183915C1008BAF18 /* MessageUI.framework in Frameworks */,
				8F2E50A418391738008BAF18 /* Accounts.framework in Frameworks */,
				8F2E50A218391731008BAF18 /* Social.framework in Frameworks */,
			);
			runOnlyForDeploymentPostprocessing = 0;
		};
/* End PBXFrameworksBuildPhase section */

/* Begin PBXGroup section */
		321E1AF126D7A39264D4FF46 /* Categories */ = {
			isa = PBXGroup;
			children = (
				321E13CDA24E3EBA3E011735 /* NSString+HSHBAdditions.h */,
				321E19C6D845E08E14760479 /* NSString+HSHBAdditions.m */,
				321E1E6ABF80651F14351C64 /* GoogleCalendarEvent+HSHBAdditions.h */,
				321E1634660853870ACD4F6C /* GoogleCalendarEvent+HSHBAdditions.m */,
			);
			path = Categories;
			sourceTree = "<group>";
		};
		8F0EA0671A586F90003C5EDE /* 3rdparty stuff */ = {
			isa = PBXGroup;
			children = (
				8F4684AF17DE23DF00D2137D /* Colors */,
				8F21CF6717E5D46000902F48 /* DeviceCategory */,
				8F46848717DE1B4E00D2137D /* AFNetworking */,
				8FA5D2921952D77100237548 /* MMPopLabel */,
				8F4684B817DE735800D2137D /* GoogleCalendar */,
				8FF98C0117E0D9EE00AEA544 /* MOOMaskedIconView */,
				8FFE081517E25EBC00B53224 /* SinaUrlConnection */,
				8F8F4A041ED9A118004D6E0E /* FDKeychain */,
				8FA5D28E1951ED6100237548 /* FXBlurView */,
				8FA5D2751951BAE000237548 /* AMSmoothAlert */,
				8F880F0D17E1B11400E13B6D /* Jastor */,
				8F880F1417E1B1AB00E13B6D /* JTObjectMapping */,
			);
			name = "3rdparty stuff";
			sourceTree = "<group>";
		};
		8F21CF6717E5D46000902F48 /* DeviceCategory */ = {
			isa = PBXGroup;
			children = (
				8F21CF6817E5D46000902F48 /* NSString+AdditionEmpty.h */,
				8F21CF6917E5D46000902F48 /* NSString+AdditionEmpty.m */,
				8F21CF6A17E5D46000902F48 /* RegexKitLite.h */,
				8F21CF6B17E5D46000902F48 /* RegexKitLite.m */,
				8F21CF6C17E5D46000902F48 /* UIDevice+Smokebox.h */,
				8F21CF6D17E5D46000902F48 /* UIDevice+Smokebox.m */,
			);
			path = DeviceCategory;
			sourceTree = SOURCE_ROOT;
		};
		8F46845817DE19EB00D2137D = {
			isa = PBXGroup;
			children = (
				8F46847217DE19EB00D2137D /* hackerspacehb-Prefix.pch */,
				8FFE081A17E2610200B53224 /* HSBApplication.h */,
				8FFE081B17E2610200B53224 /* HSBApplication.m */,
				8F46847317DE19EB00D2137D /* AppDelegate.h */,
				8F46847417DE19EB00D2137D /* AppDelegate.m */,
				8F46847017DE19EB00D2137D /* main.m */,
				8F46846C17DE19EB00D2137D /* hackerspacehb-Info.plist */,
				8FFE083717E3228B00B53224 /* iTunesArtwork */,
				8F46846A17DE19EB00D2137D /* hackerspacehb */,
				8F46846317DE19EB00D2137D /* Frameworks */,
				8F46846217DE19EB00D2137D /* Products */,
			);
			sourceTree = "<group>";
		};
		8F46846217DE19EB00D2137D /* Products */ = {
			isa = PBXGroup;
			children = (
				8F46846117DE19EB00D2137D /* hackerspacehb.app */,
			);
			name = Products;
			sourceTree = "<group>";
		};
		8F46846317DE19EB00D2137D /* Frameworks */ = {
			isa = PBXGroup;
			children = (
				8FF12ED21FD43B2000BB2A10 /* LocalAuthentication.framework */,
				8FFE083117E2A6FF00B53224 /* libicucore.dylib */,
				8FA5D28C1951EC9500237548 /* CoreImage.framework */,
				8F880F2117E1BB6A00E13B6D /* QuartzCore.framework */,
				8FF98C0F17E0DB0300AEA544 /* Accelerate.framework */,
				8F4684BF17DE74AC00D2137D /* EventKit.framework */,
				8F4684AD17DE1DE300D2137D /* Security.framework */,
				8F4684AB17DE1D9300D2137D /* SystemConfiguration.framework */,
				8F4684A917DE1D7D00D2137D /* MobileCoreServices.framework */,
				8F46846417DE19EB00D2137D /* UIKit.framework */,
				8F46846617DE19EB00D2137D /* Foundation.framework */,
				8F46846817DE19EB00D2137D /* CoreGraphics.framework */,
				8F2E509D183915C0008BAF18 /* MessageUI.framework */,
				8F2E50A318391738008BAF18 /* Accounts.framework */,
				8F2E50A118391731008BAF18 /* Social.framework */,
			);
			name = Frameworks;
			sourceTree = "<group>";
		};
		8F46846A17DE19EB00D2137D /* hackerspacehb */ = {
			isa = PBXGroup;
			children = (
				8F0EA0671A586F90003C5EDE /* 3rdparty stuff */,
				8FFE080717E23F0000B53224 /* API */,
				8FF98BF817E0D12200AEA544 /* SilverDesignView.h */,
				8FF98BF917E0D12200AEA544 /* SilverDesignView.m */,
				8FFE084117E3722B00B53224 /* DecayAnimation.h */,
				8FFE084217E3722B00B53224 /* DecayAnimation.m */,
				8FF12ECD1FD4330D00BB2A10 /* Launch */,
				8FFE080317E22F7700B53224 /* Event Calendar */,
				8FADE5B417E4FA8100C2962E /* Settings */,
				8FFE080217E22F6D00B53224 /* Event Details */,
				8F46846B17DE19EB00D2137D /* Supporting Files */,
				321E1AF126D7A39264D4FF46 /* Categories */,
			);
			path = hackerspacehb;
			sourceTree = "<group>";
		};
		8F46846B17DE19EB00D2137D /* Supporting Files */ = {
			isa = PBXGroup;
			children = (
				8FA9C06C1B4D5F7C004C103B /* Images.xcassets */,
				8FFE083517E320FC00B53224 /* InfoPlist.strings */,
				8F4684A417DE1B5700D2137D /* images */,
			);
			name = "Supporting Files";
			sourceTree = "<group>";
		};
		8F46848717DE1B4E00D2137D /* AFNetworking */ = {
			isa = PBXGroup;
			children = (
				8F46848817DE1B4E00D2137D /* AFHTTPClient.h */,
				8F46848917DE1B4E00D2137D /* AFHTTPClient.m */,
				8F46848A17DE1B4E00D2137D /* AFHTTPRequestOperation.h */,
				8F46848B17DE1B4E00D2137D /* AFHTTPRequestOperation.m */,
				8F46848C17DE1B4E00D2137D /* AFImageRequestOperation.h */,
				8F46848D17DE1B4E00D2137D /* AFImageRequestOperation.m */,
				8F46848E17DE1B4E00D2137D /* AFJSONRequestOperation.h */,
				8F46848F17DE1B4E00D2137D /* AFJSONRequestOperation.m */,
				8F46849017DE1B4E00D2137D /* AFNetworkActivityIndicatorManager.h */,
				8F46849117DE1B4E00D2137D /* AFNetworkActivityIndicatorManager.m */,
				8F46849217DE1B4E00D2137D /* AFNetworking.h */,
				8F46849317DE1B4E00D2137D /* AFPropertyListRequestOperation.h */,
				8F46849417DE1B4E00D2137D /* AFPropertyListRequestOperation.m */,
				8F46849517DE1B4E00D2137D /* AFURLConnectionOperation.h */,
				8F46849617DE1B4E00D2137D /* AFURLConnectionOperation.m */,
				8F46849717DE1B4E00D2137D /* AFXMLRequestOperation.h */,
				8F46849817DE1B4E00D2137D /* AFXMLRequestOperation.m */,
				8F46849917DE1B4E00D2137D /* UIImageView+AFNetworking.h */,
				8F46849A17DE1B4E00D2137D /* UIImageView+AFNetworking.m */,
			);
			path = AFNetworking;
			sourceTree = SOURCE_ROOT;
		};
		8F4684A417DE1B5700D2137D /* images */ = {
			isa = PBXGroup;
			children = (
				8FF12ED01FD433F700BB2A10 /* Icon_1024.png */,
				8F917B8A1DE303A000AACE9F /* icon_back_elegant.png */,
				8F917B8B1DE303A000AACE9F /* icon_back_elegant@2x.png */,
				8F917B8C1DE303A000AACE9F /* icon_back_elegant@3x.png */,
				8FA9C0881B4D69EA004C103B /* tableheader_right.png */,
				8FA9C0891B4D69EA004C103B /* tableheader_right@2x.png */,
				8FA9C08A1B4D69EA004C103B /* tableheader_right@3x.png */,
				8FA9C08B1B4D69EA004C103B /* tableheader_left.png */,
				8FA9C08C1B4D69EA004C103B /* tableheader_left@2x.png */,
				8FA9C08D1B4D69EA004C103B /* tableheader_left@3x.png */,
				8FA9C0601B4D5F6B004C103B /* Default_Phone-Landscape-736h@3x.png */,
				8FA9C0611B4D5F6B004C103B /* Default_Phone-667h@2x.png */,
				8FA9C0621B4D5F6B004C103B /* Default_Phone-736h@3x.png */,
				8FA9C0631B4D5F6B004C103B /* Default_Phone.png */,
				8FA9C0641B4D5F6B004C103B /* Default_Phone-568h@2x.png */,
				8FA9C0651B4D5F6B004C103B /* Default_Phone@2x.png */,
				8FA9C0761B4D61DF004C103B /* Icon_57@2x.png */,
				8FA9C0771B4D61DF004C103B /* Icon_57.png */,
				8FA9C0701B4D617E004C103B /* Icon_60.png */,
				8FA9C0711B4D617E004C103B /* Icon_60@2x.png */,
				8FA9C0721B4D617E004C103B /* Icon_60@3x.png */,
				8F832363194F192C006904BE /* icon_browser.png */,
				8F832364194F192C006904BE /* icon_browser@2x.png */,
				8FA9C0801B4D6532004C103B /* icon_browser@3x.png */,
				8F21CF5917E516D700902F48 /* sign_yellow.png */,
				8F21CF5A17E516D700902F48 /* sign_yellow@2x.png */,
				8FA9C0841B4D666E004C103B /* sign_yellow@3x.png */,
				8FFE083917E370BC00B53224 /* sign_green.png */,
				8FFE083A17E370BC00B53224 /* sign_green@2x.png */,
				8FA9C0831B4D666E004C103B /* sign_green@3x.png */,
				8FFE083B17E370BC00B53224 /* sign_red.png */,
				8FFE083C17E370BC00B53224 /* sign_red@2x.png */,
				8FA9C0821B4D666E004C103B /* sign_red@3x.png */,
				8FFE081D17E2643900B53224 /* arrow_left.png */,
				8FFE081E17E2643900B53224 /* arrow_left@2x.png */,
				8FFE081F17E2643900B53224 /* arrow_right.png */,
				8FFE082017E2643900B53224 /* arrow_right@2x.png */,
				8FFE082517E27B9300B53224 /* icon_favstar_filled.png */,
				8FFE082617E27B9300B53224 /* icon_favstar_filled@2x.png */,
				8FA9C07B1B4D63BF004C103B /* icon_favstar_filled@3x.png */,
				8FFE082717E27B9300B53224 /* icon_favstar_framed.png */,
				8FFE082817E27B9300B53224 /* icon_favstar_framed@2x.png */,
				8FA9C07A1B4D63BF004C103B /* icon_favstar_framed@3x.png */,
				8F7904F31DE21B46007617A7 /* icon_wheel.png */,
				8F7904F41DE21B46007617A7 /* icon_wheel@2x.png */,
				8F7904F51DE21B46007617A7 /* icon_wheel@3x.png */,
				8F4684A517DE1C6000D2137D /* Icon.png */,
				8F4684A617DE1C6000D2137D /* Icon@2x.png */,
			);
			name = images;
			sourceTree = "<group>";
		};
		8F4684AF17DE23DF00D2137D /* Colors */ = {
			isa = PBXGroup;
			children = (
				8F4684B017DE23DF00D2137D /* UIColor+Expanded.h */,
				8F4684B117DE23DF00D2137D /* UIColor+Expanded.m */,
			);
			path = Colors;
			sourceTree = SOURCE_ROOT;
		};
		8F4684B817DE735800D2137D /* GoogleCalendar */ = {
			isa = PBXGroup;
			children = (
				8F4684B917DE735800D2137D /* GoogleCalendarEvent.h */,
				8F4684BA17DE735800D2137D /* GoogleCalendarEvent.m */,
			);
			path = GoogleCalendar;
			sourceTree = SOURCE_ROOT;
		};
		8F880F0D17E1B11400E13B6D /* Jastor */ = {
			isa = PBXGroup;
			children = (
				8F880F0E17E1B11400E13B6D /* Jastor.h */,
				8F880F0F17E1B11400E13B6D /* Jastor.m */,
				8F880F1017E1B11400E13B6D /* JastorRuntimeHelper.h */,
				8F880F1117E1B11400E13B6D /* JastorRuntimeHelper.m */,
			);
			path = Jastor;
			sourceTree = SOURCE_ROOT;
		};
		8F880F1417E1B1AB00E13B6D /* JTObjectMapping */ = {
			isa = PBXGroup;
			children = (
				8F880F1517E1B1AB00E13B6D /* JTDateMappings.h */,
				8F880F1617E1B1AB00E13B6D /* JTDateMappings.m */,
				8F880F1717E1B1AB00E13B6D /* JTISO8601DateFormatter.h */,
				8F880F1817E1B1AB00E13B6D /* JTISO8601DateFormatter.m */,
				8F880F1917E1B1AB00E13B6D /* JTMappings.h */,
				8F880F1A17E1B1AB00E13B6D /* JTMappings.m */,
				8F880F1B17E1B1AB00E13B6D /* NSObject+JTObjectMapping.h */,
				8F880F1C17E1B1AB00E13B6D /* NSObject+JTObjectMapping.m */,
			);
			path = JTObjectMapping;
			sourceTree = SOURCE_ROOT;
		};
		8F8F4A041ED9A118004D6E0E /* FDKeychain */ = {
			isa = PBXGroup;
			children = (
				8F8F4A051ED9A118004D6E0E /* FDKeychain.h */,
				8F8F4A061ED9A118004D6E0E /* FDKeychain.m */,
			);
			path = FDKeychain;
			sourceTree = SOURCE_ROOT;
		};
		8FA5D2751951BAE000237548 /* AMSmoothAlert */ = {
			isa = PBXGroup;
			children = (
				8FA5D2761951BAE000237548 /* AMBouncingView.h */,
				8FA5D2771951BAE000237548 /* AMBouncingView.m */,
				8FA5D2781951BAE000237548 /* AMSmoothAlertConstants.h */,
				8FA5D2791951BAE000237548 /* AMSmoothAlertView.h */,
				8FA5D27A1951BAE000237548 /* AMSmoothAlertView.m */,
				8FA5D27B1951BAE000237548 /* assets */,
			);
			path = AMSmoothAlert;
			sourceTree = SOURCE_ROOT;
		};
		8FA5D27B1951BAE000237548 /* assets */ = {
			isa = PBXGroup;
			children = (
				8FA5D27C1951BAE000237548 /* checkMark.png */,
				8FA5D27D1951BAE000237548 /* checkMark@2x.png */,
				8FA5D27E1951BAE000237548 /* crossMark.png */,
				8FA5D27F1951BAE000237548 /* crossMark@2x.png */,
				8FA5D2801951BAE000237548 /* info.png */,
				8FA5D2811951BAE000237548 /* info@2x.png */,
			);
			path = assets;
			sourceTree = "<group>";
		};
		8FA5D28E1951ED6100237548 /* FXBlurView */ = {
			isa = PBXGroup;
			children = (
				8FA5D28F1951ED6100237548 /* FXBlurView.h */,
				8FA5D2901951ED6100237548 /* FXBlurView.m */,
			);
			path = FXBlurView;
			sourceTree = SOURCE_ROOT;
		};
		8FA5D2921952D77100237548 /* MMPopLabel */ = {
			isa = PBXGroup;
			children = (
				8FA5D2931952D77100237548 /* MMLabel.h */,
				8FA5D2941952D77100237548 /* MMLabel.m */,
				8FA5D2951952D77100237548 /* MMPopLabel.h */,
				8FA5D2961952D77100237548 /* MMPopLabel.m */,
				8FA5D2971952D77100237548 /* MMPopLabelDelegate.h */,
			);
			path = MMPopLabel;
			sourceTree = SOURCE_ROOT;
		};
		8FADE5B417E4FA8100C2962E /* Settings */ = {
			isa = PBXGroup;
			children = (
				8FADE5AF17E4FA7400C2962E /* SettingsViewController.h */,
				8FADE5B017E4FA7400C2962E /* SettingsViewController.m */,
				8FADE5B117E4FA7400C2962E /* SettingsViewController.xib */,
			);
			name = Settings;
			sourceTree = "<group>";
		};
		8FF12ECD1FD4330D00BB2A10 /* Launch */ = {
			isa = PBXGroup;
			children = (
				8FF12ECE1FD4332000BB2A10 /* Launch Screen.storyboard */,
			);
			name = Launch;
			sourceTree = "<group>";
		};
		8FF98C0117E0D9EE00AEA544 /* MOOMaskedIconView */ = {
			isa = PBXGroup;
			children = (
				8FF98C0217E0D9EE00AEA544 /* AHHelper.h */,
				8FF98C0317E0D9EE00AEA544 /* MOOCGImageWrapper.h */,
				8FF98C0417E0D9EE00AEA544 /* MOOCGImageWrapper.m */,
				8FF98C0517E0D9EE00AEA544 /* MOOMaskedIconView.h */,
				8FF98C0617E0D9EE00AEA544 /* MOOMaskedIconView.m */,
				8FF98C0717E0D9EE00AEA544 /* MOOResourceList.h */,
				8FF98C0817E0D9EE00AEA544 /* MOOResourceList.m */,
				8FF98C0917E0D9EE00AEA544 /* MOOStyleTrait.h */,
				8FF98C0A17E0D9EE00AEA544 /* MOOStyleTrait.m */,
			);
			path = MOOMaskedIconView;
			sourceTree = SOURCE_ROOT;
		};
		8FFE080217E22F6D00B53224 /* Event Details */ = {
			isa = PBXGroup;
			children = (
				8F46847C17DE19EB00D2137D /* EventDetailViewController.h */,
				8F46847D17DE19EB00D2137D /* EventDetailViewController.m */,
				8FFE083317E320F100B53224 /* EventDetailViewController.xib */,
			);
			name = "Event Details";
			sourceTree = "<group>";
		};
		8FFE080317E22F7700B53224 /* Event Calendar */ = {
			isa = PBXGroup;
			children = (
				8F4684B317DE726F00D2137D /* CalendarViewController.h */,
				8F4684B417DE726F00D2137D /* CalendarViewController.m */,
				8F4684B517DE727000D2137D /* CalendarViewController.xib */,
				321E1D55F3EFEB216E943968 /* HSHBDownloadCalendarEventsOperation.h */,
				321E197D5F36A3250AEA38FE /* HSHBDownloadCalendarEventsOperation.m */,
			);
			name = "Event Calendar";
			sourceTree = "<group>";
		};
		8FFE080717E23F0000B53224 /* API */ = {
			isa = PBXGroup;
			children = (
				8FFE080B17E245DA00B53224 /* HSBAPIClient.h */,
				8FFE080C17E245DA00B53224 /* HSBAPIClient.m */,
				8FADE5A817E4F64A00C2962E /* HSBError.h */,
				8FADE5A917E4F64A00C2962E /* HSBError.m */,
				8F83236719504AC3006904BE /* HSBIcon.h */,
				8F83236819504AC3006904BE /* HSBIcon.m */,
				8FFE080817E2404C00B53224 /* HSBResult.h */,
				8FFE080917E2404C00B53224 /* HSBResult.m */,
				8FFE080417E23EF200B53224 /* HSBContact.h */,
				8FFE080517E23EF200B53224 /* HSBContact.m */,
				8FFE07FF17E22F0A00B53224 /* HSBStatus.h */,
				8FFE080017E22F0A00B53224 /* HSBStatus.m */,
			);
			name = API;
			sourceTree = "<group>";
		};
		8FFE081517E25EBC00B53224 /* SinaUrlConnection */ = {
			isa = PBXGroup;
			children = (
				8FFE081617E25EBC00B53224 /* SinaURLConnection.h */,
				8FFE081717E25EBC00B53224 /* SinaURLConnection.m */,
			);
			path = SinaUrlConnection;
			sourceTree = SOURCE_ROOT;
		};
/* End PBXGroup section */

/* Begin PBXNativeTarget section */
		8F46846017DE19EB00D2137D /* hackerspacehb */ = {
			isa = PBXNativeTarget;
			buildConfigurationList = 8F46848417DE19EB00D2137D /* Build configuration list for PBXNativeTarget "hackerspacehb" */;
			buildPhases = (
				8F46845D17DE19EB00D2137D /* Sources */,
				8F46845E17DE19EB00D2137D /* Frameworks */,
				8F46845F17DE19EB00D2137D /* Resources */,
			);
			buildRules = (
			);
			dependencies = (
			);
			name = hackerspacehb;
			productName = hackerspacehb;
			productReference = 8F46846117DE19EB00D2137D /* hackerspacehb.app */;
			productType = "com.apple.product-type.application";
		};
/* End PBXNativeTarget section */

/* Begin PBXProject section */
		8F46845917DE19EB00D2137D /* Project object */ = {
			isa = PBXProject;
			attributes = {
				LastUpgradeCheck = 0910;
				ORGANIZATIONNAME = appdoctors;
				TargetAttributes = {
					8F46846017DE19EB00D2137D = {
						DevelopmentTeam = 3E2F77GV8B;
						ProvisioningStyle = Automatic;
					};
				};
			};
			buildConfigurationList = 8F46845C17DE19EB00D2137D /* Build configuration list for PBXProject "hackerspacehb" */;
			compatibilityVersion = "Xcode 3.2";
			developmentRegion = English;
			hasScannedForEncodings = 0;
			knownRegions = (
				en,
			);
			mainGroup = 8F46845817DE19EB00D2137D;
			productRefGroup = 8F46846217DE19EB00D2137D /* Products */;
			projectDirPath = "";
			projectRoot = "";
			targets = (
				8F46846017DE19EB00D2137D /* hackerspacehb */,
			);
		};
/* End PBXProject section */

/* Begin PBXResourcesBuildPhase section */
		8F46845F17DE19EB00D2137D /* Resources */ = {
			isa = PBXResourcesBuildPhase;
			buildActionMask = 2147483647;
			files = (
				8FA9C0681B4D5F6B004C103B /* Default_Phone-736h@3x.png in Resources */,
				8FA9C0691B4D5F6B004C103B /* Default_Phone.png in Resources */,
				8FA9C08E1B4D69EA004C103B /* tableheader_right.png in Resources */,
				8FA9C08F1B4D69EA004C103B /* tableheader_right@2x.png in Resources */,
				8FA9C06A1B4D5F6B004C103B /* Default_Phone-568h@2x.png in Resources */,
				8F4684A717DE1C6000D2137D /* Icon.png in Resources */,
				8FA9C0911B4D69EA004C103B /* tableheader_left.png in Resources */,
				8FA9C0871B4D666E004C103B /* sign_yellow@3x.png in Resources */,
				8FA9C0931B4D69EA004C103B /* tableheader_left@3x.png in Resources */,
				8F4684A817DE1C6000D2137D /* Icon@2x.png in Resources */,
				8FA5D2841951BAE000237548 /* checkMark.png in Resources */,
				8FA9C06B1B4D5F6B004C103B /* Default_Phone@2x.png in Resources */,
				8F4684B717DE727000D2137D /* CalendarViewController.xib in Resources */,
				8F832365194F192C006904BE /* icon_browser.png in Resources */,
				8FA9C0731B4D617E004C103B /* Icon_60.png in Resources */,
				8FA9C0811B4D6532004C103B /* icon_browser@3x.png in Resources */,
				8F832366194F192C006904BE /* icon_browser@2x.png in Resources */,
				8FA9C0851B4D666E004C103B /* sign_red@3x.png in Resources */,
				8FF12ECF1FD4332000BB2A10 /* Launch Screen.storyboard in Resources */,
				8FA9C07D1B4D63BF004C103B /* icon_favstar_filled@3x.png in Resources */,
				8FA5D2881951BAE000237548 /* info.png in Resources */,
				8F7904F81DE21B46007617A7 /* icon_wheel@3x.png in Resources */,
				8FFE082117E2643900B53224 /* arrow_left.png in Resources */,
				8FFE082217E2643900B53224 /* arrow_left@2x.png in Resources */,
				8FA9C0861B4D666E004C103B /* sign_green@3x.png in Resources */,
				8FFE082317E2643900B53224 /* arrow_right.png in Resources */,
				8FFE082417E2643900B53224 /* arrow_right@2x.png in Resources */,
				8F7904F71DE21B46007617A7 /* icon_wheel@2x.png in Resources */,
				8FA5D2851951BAE000237548 /* checkMark@2x.png in Resources */,
				8FF12ED11FD433F700BB2A10 /* Icon_1024.png in Resources */,
				8FFE082917E27B9300B53224 /* icon_favstar_filled.png in Resources */,
				8FFE082A17E27B9300B53224 /* icon_favstar_filled@2x.png in Resources */,
				8FFE082B17E27B9300B53224 /* icon_favstar_framed.png in Resources */,
				8F917B8E1DE303A000AACE9F /* icon_back_elegant@2x.png in Resources */,
				8FFE082C17E27B9300B53224 /* icon_favstar_framed@2x.png in Resources */,
				8FFE083417E320F100B53224 /* EventDetailViewController.xib in Resources */,
				8FA9C0791B4D61DF004C103B /* Icon_57.png in Resources */,
				8FFE083617E320FC00B53224 /* InfoPlist.strings in Resources */,
				8FFE083817E3228B00B53224 /* iTunesArtwork in Resources */,
				8FA9C0661B4D5F6B004C103B /* Default_Phone-Landscape-736h@3x.png in Resources */,
				8FFE083D17E370BC00B53224 /* sign_green.png in Resources */,
				8FA9C0751B4D617E004C103B /* Icon_60@3x.png in Resources */,
				8FFE083E17E370BC00B53224 /* sign_green@2x.png in Resources */,
				8FFE083F17E370BC00B53224 /* sign_red.png in Resources */,
				8FFE084017E370BC00B53224 /* sign_red@2x.png in Resources */,
				8FA9C07C1B4D63BF004C103B /* icon_favstar_framed@3x.png in Resources */,
				8FA9C0921B4D69EA004C103B /* tableheader_left@2x.png in Resources */,
				8F7904F61DE21B46007617A7 /* icon_wheel.png in Resources */,
				8FA9C0741B4D617E004C103B /* Icon_60@2x.png in Resources */,
				8FA5D2891951BAE000237548 /* info@2x.png in Resources */,
				8F917B8F1DE303A000AACE9F /* icon_back_elegant@3x.png in Resources */,
				8FA9C0781B4D61DF004C103B /* Icon_57@2x.png in Resources */,
				8FA5D2871951BAE000237548 /* crossMark@2x.png in Resources */,
				8FA9C0671B4D5F6B004C103B /* Default_Phone-667h@2x.png in Resources */,
				8FA9C0901B4D69EA004C103B /* tableheader_right@3x.png in Resources */,
				8FADE5B317E4FA7400C2962E /* SettingsViewController.xib in Resources */,
				8F21CF5B17E516D700902F48 /* sign_yellow.png in Resources */,
				8F21CF5C17E516D700902F48 /* sign_yellow@2x.png in Resources */,
				8F917B8D1DE303A000AACE9F /* icon_back_elegant.png in Resources */,
				8FA9C06D1B4D5F7C004C103B /* Images.xcassets in Resources */,
				8FA5D2861951BAE000237548 /* crossMark.png in Resources */,
			);
			runOnlyForDeploymentPostprocessing = 0;
		};
/* End PBXResourcesBuildPhase section */

/* Begin PBXSourcesBuildPhase section */
		8F46845D17DE19EB00D2137D /* Sources */ = {
			isa = PBXSourcesBuildPhase;
			buildActionMask = 2147483647;
			files = (
				8FA5D2821951BAE000237548 /* AMBouncingView.m in Sources */,
				8F46847117DE19EB00D2137D /* main.m in Sources */,
				8F46847517DE19EB00D2137D /* AppDelegate.m in Sources */,
				8F46847E17DE19EB00D2137D /* EventDetailViewController.m in Sources */,
				8F46849B17DE1B4E00D2137D /* AFHTTPClient.m in Sources */,
				8F46849C17DE1B4E00D2137D /* AFHTTPRequestOperation.m in Sources */,
				8F46849D17DE1B4E00D2137D /* AFImageRequestOperation.m in Sources */,
				8F46849E17DE1B4E00D2137D /* AFJSONRequestOperation.m in Sources */,
				8F46849F17DE1B4E00D2137D /* AFNetworkActivityIndicatorManager.m in Sources */,
				8F4684A017DE1B4E00D2137D /* AFPropertyListRequestOperation.m in Sources */,
				8FA5D2981952D77100237548 /* MMLabel.m in Sources */,
				8F4684A117DE1B4E00D2137D /* AFURLConnectionOperation.m in Sources */,
				8F4684A217DE1B4E00D2137D /* AFXMLRequestOperation.m in Sources */,
				8F4684A317DE1B4E00D2137D /* UIImageView+AFNetworking.m in Sources */,
				8F4684B217DE23DF00D2137D /* UIColor+Expanded.m in Sources */,
				8F4684B617DE727000D2137D /* CalendarViewController.m in Sources */,
				8F4684BD17DE735800D2137D /* GoogleCalendarEvent.m in Sources */,
				8FF98BFA17E0D12200AEA544 /* SilverDesignView.m in Sources */,
				8FF98C0B17E0D9EE00AEA544 /* MOOCGImageWrapper.m in Sources */,
				8FF98C0C17E0D9EE00AEA544 /* MOOMaskedIconView.m in Sources */,
				8FF98C0D17E0D9EE00AEA544 /* MOOResourceList.m in Sources */,
				8FA5D2991952D77100237548 /* MMPopLabel.m in Sources */,
				8FF98C0E17E0D9EE00AEA544 /* MOOStyleTrait.m in Sources */,
				8F880F1217E1B11400E13B6D /* Jastor.m in Sources */,
				8F880F1317E1B11400E13B6D /* JastorRuntimeHelper.m in Sources */,
				8FA5D2831951BAE000237548 /* AMSmoothAlertView.m in Sources */,
				8F880F1D17E1B1AB00E13B6D /* JTDateMappings.m in Sources */,
				8F880F1E17E1B1AB00E13B6D /* JTISO8601DateFormatter.m in Sources */,
				8F880F1F17E1B1AB00E13B6D /* JTMappings.m in Sources */,
				8F880F2017E1B1AB00E13B6D /* NSObject+JTObjectMapping.m in Sources */,
				8FFE080117E22F0A00B53224 /* HSBStatus.m in Sources */,
				8FFE080617E23EF200B53224 /* HSBContact.m in Sources */,
				8FFE080A17E2404C00B53224 /* HSBResult.m in Sources */,
				8FFE080D17E245DA00B53224 /* HSBAPIClient.m in Sources */,
				8FFE081817E25EBC00B53224 /* SinaURLConnection.m in Sources */,
				8FA5D2911951ED6100237548 /* FXBlurView.m in Sources */,
				8FFE081C17E2610200B53224 /* HSBApplication.m in Sources */,
				8FFE084317E3722C00B53224 /* DecayAnimation.m in Sources */,
				8F83236919504AC3006904BE /* HSBIcon.m in Sources */,
				8FADE5AA17E4F64A00C2962E /* HSBError.m in Sources */,
				8FADE5B217E4FA7400C2962E /* SettingsViewController.m in Sources */,
				8F21CF6E17E5D46000902F48 /* NSString+AdditionEmpty.m in Sources */,
				8F21CF6F17E5D46000902F48 /* RegexKitLite.m in Sources */,
				8F21CF7017E5D46000902F48 /* UIDevice+Smokebox.m in Sources */,
				321E19DAFC549B2557E58892 /* HSHBDownloadCalendarEventsOperation.m in Sources */,
				8F8F4A071ED9A118004D6E0E /* FDKeychain.m in Sources */,
				321E19FF94FA782F531F24B3 /* GoogleCalendarEvent+HSHBAdditions.m in Sources */,
				321E1735FCAEAFC839B29C3F /* NSString+HSHBAdditions.m in Sources */,
			);
			runOnlyForDeploymentPostprocessing = 0;
		};
/* End PBXSourcesBuildPhase section */

/* Begin XCBuildConfiguration section */
		8F46848217DE19EB00D2137D /* Debug */ = {
			isa = XCBuildConfiguration;
			buildSettings = {
				ALWAYS_SEARCH_USER_PATHS = NO;
				CLANG_CXX_LANGUAGE_STANDARD = "gnu++0x";
				CLANG_CXX_LIBRARY = "libc++";
				CLANG_ENABLE_MODULES = YES;
				CLANG_WARN_BLOCK_CAPTURE_AUTORELEASING = YES;
				CLANG_WARN_BOOL_CONVERSION = YES;
				CLANG_WARN_COMMA = YES;
				CLANG_WARN_CONSTANT_CONVERSION = YES;
				CLANG_WARN_DEPRECATED_OBJC_IMPLEMENTATIONS = YES;
				CLANG_WARN_EMPTY_BODY = YES;
				CLANG_WARN_ENUM_CONVERSION = YES;
				CLANG_WARN_INFINITE_RECURSION = YES;
				CLANG_WARN_INT_CONVERSION = YES;
				CLANG_WARN_NON_LITERAL_NULL_CONVERSION = YES;
				CLANG_WARN_OBJC_LITERAL_CONVERSION = YES;
				CLANG_WARN_RANGE_LOOP_ANALYSIS = YES;
				CLANG_WARN_STRICT_PROTOTYPES = YES;
				CLANG_WARN_SUSPICIOUS_MOVE = YES;
				CLANG_WARN_UNREACHABLE_CODE = YES;
				CLANG_WARN__DUPLICATE_METHOD_MATCH = YES;
				"CODE_SIGN_IDENTITY[sdk=iphoneos*]" = "iPhone Developer";
				COPY_PHASE_STRIP = NO;
				ENABLE_STRICT_OBJC_MSGSEND = YES;
				ENABLE_TESTABILITY = YES;
				GCC_C_LANGUAGE_STANDARD = gnu99;
				GCC_DYNAMIC_NO_PIC = NO;
				GCC_NO_COMMON_BLOCKS = YES;
				GCC_OPTIMIZATION_LEVEL = 0;
				GCC_PREPROCESSOR_DEFINITIONS = (
					"DEBUG=1",
					"$(inherited)",
				);
				GCC_SYMBOLS_PRIVATE_EXTERN = NO;
				GCC_THUMB_SUPPORT = NO;
				GCC_WARN_64_TO_32_BIT_CONVERSION = YES;
				GCC_WARN_ABOUT_RETURN_TYPE = YES;
				GCC_WARN_UNDECLARED_SELECTOR = YES;
				GCC_WARN_UNINITIALIZED_AUTOS = YES;
				GCC_WARN_UNUSED_FUNCTION = YES;
				GCC_WARN_UNUSED_VARIABLE = YES;
				IPHONEOS_DEPLOYMENT_TARGET = 9.0;
				ONLY_ACTIVE_ARCH = YES;
				PROVISIONING_PROFILE = "5733059b-9836-40a7-9790-c65912672bf3";
				SDKROOT = iphoneos;
			};
			name = Debug;
		};
		8F46848317DE19EB00D2137D /* Release */ = {
			isa = XCBuildConfiguration;
			buildSettings = {
				ALWAYS_SEARCH_USER_PATHS = NO;
				CLANG_CXX_LANGUAGE_STANDARD = "gnu++0x";
				CLANG_CXX_LIBRARY = "libc++";
				CLANG_ENABLE_MODULES = YES;
				CLANG_WARN_BLOCK_CAPTURE_AUTORELEASING = YES;
				CLANG_WARN_BOOL_CONVERSION = YES;
				CLANG_WARN_COMMA = YES;
				CLANG_WARN_CONSTANT_CONVERSION = YES;
				CLANG_WARN_DEPRECATED_OBJC_IMPLEMENTATIONS = YES;
				CLANG_WARN_EMPTY_BODY = YES;
				CLANG_WARN_ENUM_CONVERSION = YES;
				CLANG_WARN_INFINITE_RECURSION = YES;
				CLANG_WARN_INT_CONVERSION = YES;
				CLANG_WARN_NON_LITERAL_NULL_CONVERSION = YES;
				CLANG_WARN_OBJC_LITERAL_CONVERSION = YES;
				CLANG_WARN_RANGE_LOOP_ANALYSIS = YES;
				CLANG_WARN_STRICT_PROTOTYPES = YES;
				CLANG_WARN_SUSPICIOUS_MOVE = YES;
				CLANG_WARN_UNREACHABLE_CODE = YES;
				CLANG_WARN__DUPLICATE_METHOD_MATCH = YES;
				"CODE_SIGN_IDENTITY[sdk=iphoneos*]" = "iPhone Distribution";
				COPY_PHASE_STRIP = YES;
				ENABLE_STRICT_OBJC_MSGSEND = YES;
				GCC_C_LANGUAGE_STANDARD = gnu99;
				GCC_NO_COMMON_BLOCKS = YES;
				GCC_THUMB_SUPPORT = NO;
				GCC_WARN_64_TO_32_BIT_CONVERSION = YES;
				GCC_WARN_ABOUT_RETURN_TYPE = YES;
				GCC_WARN_UNDECLARED_SELECTOR = YES;
				GCC_WARN_UNINITIALIZED_AUTOS = YES;
				GCC_WARN_UNUSED_FUNCTION = YES;
				GCC_WARN_UNUSED_VARIABLE = YES;
				IPHONEOS_DEPLOYMENT_TARGET = 9.0;
				ONLY_ACTIVE_ARCH = NO;
				OTHER_CFLAGS = "-DNS_BLOCK_ASSERTIONS=1";
				PROVISIONING_PROFILE = "e81f37a1-8e4c-49be-8356-d1944ec3e530";
				"PROVISIONING_PROFILE[sdk=iphoneos*]" = "";
				SDKROOT = iphoneos;
				VALIDATE_PRODUCT = YES;
			};
			name = Release;
		};
		8F46848517DE19EB00D2137D /* Debug */ = {
			isa = XCBuildConfiguration;
			buildSettings = {
				ASSETCATALOG_COMPILER_APPICON_NAME = AppIcon;
				CLANG_WARN_DEPRECATED_OBJC_IMPLEMENTATIONS = YES;
				CODE_SIGN_IDENTITY = "iPhone Developer";
				"CODE_SIGN_IDENTITY[sdk=iphoneos*]" = "iPhone Developer";
				CODE_SIGN_STYLE = Automatic;
				DEVELOPMENT_TEAM = 3E2F77GV8B;
				FRAMEWORK_SEARCH_PATHS = (
					"$(inherited)",
					"$(PROJECT_DIR)",
				);
				GCC_PRECOMPILE_PREFIX_HEADER = YES;
				GCC_PREFIX_HEADER = "hackerspacehb/hackerspacehb-Prefix.pch";
				GCC_THUMB_SUPPORT = NO;
				INFOPLIST_FILE = "hackerspacehb/hackerspacehb-Info.plist";
				IPHONEOS_DEPLOYMENT_TARGET = 9.0;
				PRODUCT_BUNDLE_IDENTIFIER = "com.noxymo.$(PRODUCT_NAME:rfc1034identifier)";
				PRODUCT_NAME = "$(TARGET_NAME)";
				PROVISIONING_PROFILE = "";
				PROVISIONING_PROFILE_SPECIFIER = "";
				TARGETED_DEVICE_FAMILY = 1;
				WRAPPER_EXTENSION = app;
			};
			name = Debug;
		};
		8F46848617DE19EB00D2137D /* Release */ = {
			isa = XCBuildConfiguration;
			buildSettings = {
				ASSETCATALOG_COMPILER_APPICON_NAME = AppIcon;
				CLANG_WARN_DEPRECATED_OBJC_IMPLEMENTATIONS = YES;
				CODE_SIGN_IDENTITY = "iPhone Distribution";
				"CODE_SIGN_IDENTITY[sdk=iphoneos*]" = "iPhone Developer";
				CODE_SIGN_STYLE = Automatic;
				DEVELOPMENT_TEAM = 3E2F77GV8B;
				FRAMEWORK_SEARCH_PATHS = (
					"$(inherited)",
					"$(PROJECT_DIR)",
				);
				GCC_PRECOMPILE_PREFIX_HEADER = YES;
				GCC_PREFIX_HEADER = "hackerspacehb/hackerspacehb-Prefix.pch";
				GCC_THUMB_SUPPORT = NO;
				INFOPLIST_FILE = "hackerspacehb/hackerspacehb-Info.plist";
				IPHONEOS_DEPLOYMENT_TARGET = 9.0;
				PRODUCT_BUNDLE_IDENTIFIER = "com.noxymo.$(PRODUCT_NAME:rfc1034identifier)";
				PRODUCT_NAME = "$(TARGET_NAME)";
				PROVISIONING_PROFILE = "";
				"PROVISIONING_PROFILE[sdk=iphoneos*]" = "";
				PROVISIONING_PROFILE_SPECIFIER = "";
				TARGETED_DEVICE_FAMILY = 1;
				WRAPPER_EXTENSION = app;
			};
			name = Release;
		};
/* End XCBuildConfiguration section */

/* Begin XCConfigurationList section */
		8F46845C17DE19EB00D2137D /* Build configuration list for PBXProject "hackerspacehb" */ = {
			isa = XCConfigurationList;
			buildConfigurations = (
				8F46848217DE19EB00D2137D /* Debug */,
				8F46848317DE19EB00D2137D /* Release */,
			);
			defaultConfigurationIsVisible = 0;
			defaultConfigurationName = Release;
		};
		8F46848417DE19EB00D2137D /* Build configuration list for PBXNativeTarget "hackerspacehb" */ = {
			isa = XCConfigurationList;
			buildConfigurations = (
				8F46848517DE19EB00D2137D /* Debug */,
				8F46848617DE19EB00D2137D /* Release */,
			);
			defaultConfigurationIsVisible = 0;
			defaultConfigurationName = Release;
		};
/* End XCConfigurationList section */
	};
	rootObject = 8F46845917DE19EB00D2137D /* Project object */;
}
